// !$*UTF8*$!
{
	archiveVersion = 1;
	classes = {
	};
	objectVersion = 46;
	objects = {

/* Begin PBXBuildFile section */
		365077311504C9BB005061C9 /* libboost_filesystem.dylib in Frameworks */ = {isa = PBXBuildFile; fileRef = 3650772F1504C9BB005061C9 /* libboost_filesystem.dylib */; };
		365077321504C9BB005061C9 /* libboost_system.dylib in Frameworks */ = {isa = PBXBuildFile; fileRef = 365077301504C9BB005061C9 /* libboost_system.dylib */; };
		36682DC9150CF4E700E1038A /* IrBuilder.cpp in Sources */ = {isa = PBXBuildFile; fileRef = 369056BA1503881700E2C917 /* IrBuilder.cpp */; };
		36682DCA150CFCBD00E1038A /* Emitter.cpp in Sources */ = {isa = PBXBuildFile; fileRef = 368378D4150901F7004C7BAB /* Emitter.cpp */; };
		36779A0A1503A96D00369AFF /* AstVisitor.cpp in Sources */ = {isa = PBXBuildFile; fileRef = 36779A091503A96D00369AFF /* AstVisitor.cpp */; };
		369056DC1503881700E2C917 /* Ast.cpp in Sources */ = {isa = PBXBuildFile; fileRef = 369056B61503881700E2C917 /* Ast.cpp */; };
		369056DE1503881700E2C917 /* Context.cpp in Sources */ = {isa = PBXBuildFile; fileRef = 369056BC1503881700E2C917 /* Context.cpp */; };
		369056DF1503881700E2C917 /* Lexer.cpp in Sources */ = {isa = PBXBuildFile; fileRef = 369056BE1503881700E2C917 /* Lexer.cpp */; };
		369056E01503881700E2C917 /* main.cpp in Sources */ = {isa = PBXBuildFile; fileRef = 369056C11503881700E2C917 /* main.cpp */; };
		369056E11503881700E2C917 /* Parser.cpp in Sources */ = {isa = PBXBuildFile; fileRef = 369056C21503881700E2C917 /* Parser.cpp */; };
		369056E21503881700E2C917 /* PrinterVisitor.cpp in Sources */ = {isa = PBXBuildFile; fileRef = 369056C41503881700E2C917 /* PrinterVisitor.cpp */; };
		369056E31503881700E2C917 /* RecursiveAstVisitor.cpp in Sources */ = {isa = PBXBuildFile; fileRef = 369056C71503881700E2C917 /* RecursiveAstVisitor.cpp */; };
		369056E41503881700E2C917 /* SemanticAnalyser.cpp in Sources */ = {isa = PBXBuildFile; fileRef = 369056C91503881700E2C917 /* SemanticAnalyser.cpp */; };
		369056E51503881700E2C917 /* Source.cpp in Sources */ = {isa = PBXBuildFile; fileRef = 369056CB1503881700E2C917 /* Source.cpp */; };
		369056E61503881700E2C917 /* SourceFile.cpp in Sources */ = {isa = PBXBuildFile; fileRef = 369056CD1503881700E2C917 /* SourceFile.cpp */; };
		369056E71503881700E2C917 /* SourceString.cpp in Sources */ = {isa = PBXBuildFile; fileRef = 369056D01503881700E2C917 /* SourceString.cpp */; };
		369056E81503881700E2C917 /* Symbol.cpp in Sources */ = {isa = PBXBuildFile; fileRef = 369056D21503881700E2C917 /* Symbol.cpp */; };
		369056E91503881700E2C917 /* SymbolTable.cpp in Sources */ = {isa = PBXBuildFile; fileRef = 369056D41503881700E2C917 /* SymbolTable.cpp */; };
		369056EA1503881700E2C917 /* Token.cpp in Sources */ = {isa = PBXBuildFile; fileRef = 369056D61503881700E2C917 /* Token.cpp */; };
		369056EB1503881700E2C917 /* Type.cpp in Sources */ = {isa = PBXBuildFile; fileRef = 369056D91503881700E2C917 /* Type.cpp */; };
/* End PBXBuildFile section */

/* Begin PBXFileReference section */
		362740ED1513DEC7005C8D97 /* TODO.txt */ = {isa = PBXFileReference; fileEncoding = 4; lastKnownFileType = text; name = TODO.txt; path = docs/TODO.txt; sourceTree = SOURCE_ROOT; };
		36337CF21528C1CB00777D7A /* Version.h */ = {isa = PBXFileReference; lastKnownFileType = sourcecode.c.h; name = Version.h; path = src/Version.h; sourceTree = SOURCE_ROOT; };
		363CAD981537837400BAA115 /* MemoryPool.h */ = {isa = PBXFileReference; fileEncoding = 4; lastKnownFileType = sourcecode.c.h; name = MemoryPool.h; path = src/MemoryPool.h; sourceTree = SOURCE_ROOT; };
		364CB4BE1530DA6C00F06F03 /* Utils.h */ = {isa = PBXFileReference; fileEncoding = 4; lastKnownFileType = sourcecode.c.h; name = Utils.h; path = src/Utils.h; sourceTree = SOURCE_ROOT; };
		3650772F1504C9BB005061C9 /* libboost_filesystem.dylib */ = {isa = PBXFileReference; lastKnownFileType = "compiled.mach-o.dylib"; name = libboost_filesystem.dylib; path = usr/local/lib/libboost_filesystem.dylib; sourceTree = SDKROOT; };
		365077301504C9BB005061C9 /* libboost_system.dylib */ = {isa = PBXFileReference; lastKnownFileType = "compiled.mach-o.dylib"; name = libboost_system.dylib; path = usr/local/lib/libboost_system.dylib; sourceTree = SDKROOT; };
		365F7A4C14F90D7A00553D98 /* lbc */ = {isa = PBXFileReference; explicitFileType = "compiled.mach-o.executable"; includeInIndex = 0; path = lbc; sourceTree = BUILT_PRODUCTS_DIR; };
		3675818C150255B50006E4B5 /* llvm.xcconfig */ = {isa = PBXFileReference; fileEncoding = 4; lastKnownFileType = text.xcconfig; path = llvm.xcconfig; sourceTree = "<group>"; };
		36779A091503A96D00369AFF /* AstVisitor.cpp */ = {isa = PBXFileReference; fileEncoding = 4; lastKnownFileType = sourcecode.cpp.cpp; name = AstVisitor.cpp; path = src/AstVisitor.cpp; sourceTree = SOURCE_ROOT; };
		36779A0B1503BD9700369AFF /* README */ = {isa = PBXFileReference; lastKnownFileType = text; path = README; sourceTree = "<group>"; };
		368378D2150901D3004C7BAB /* Emitter.h */ = {isa = PBXFileReference; lastKnownFileType = sourcecode.c.h; name = Emitter.h; path = src/Emitter.h; sourceTree = SOURCE_ROOT; };
		368378D4150901F7004C7BAB /* Emitter.cpp */ = {isa = PBXFileReference; fileEncoding = 4; lastKnownFileType = sourcecode.cpp.cpp; name = Emitter.cpp; path = src/Emitter.cpp; sourceTree = SOURCE_ROOT; };
		369056B61503881700E2C917 /* Ast.cpp */ = {isa = PBXFileReference; fileEncoding = 4; lastKnownFileType = sourcecode.cpp.cpp; name = Ast.cpp; path = src/Ast.cpp; sourceTree = SOURCE_ROOT; };
		369056B71503881700E2C917 /* Ast.def.h */ = {isa = PBXFileReference; fileEncoding = 4; lastKnownFileType = sourcecode.c.h; name = Ast.def.h; path = src/Ast.def.h; sourceTree = SOURCE_ROOT; };
		369056B81503881700E2C917 /* Ast.h */ = {isa = PBXFileReference; fileEncoding = 4; lastKnownFileType = sourcecode.c.h; name = Ast.h; path = src/Ast.h; sourceTree = SOURCE_ROOT; };
		369056B91503881700E2C917 /* AstVisitor.h */ = {isa = PBXFileReference; fileEncoding = 4; lastKnownFileType = sourcecode.c.h; name = AstVisitor.h; path = src/AstVisitor.h; sourceTree = SOURCE_ROOT; };
		369056BA1503881700E2C917 /* IrBuilder.cpp */ = {isa = PBXFileReference; fileEncoding = 4; lastKnownFileType = sourcecode.cpp.cpp; name = IrBuilder.cpp; path = src/IrBuilder.cpp; sourceTree = SOURCE_ROOT; };
		369056BB1503881700E2C917 /* IrBuilder.h */ = {isa = PBXFileReference; fileEncoding = 4; lastKnownFileType = sourcecode.c.h; name = IrBuilder.h; path = src/IrBuilder.h; sourceTree = SOURCE_ROOT; };
		369056BC1503881700E2C917 /* Context.cpp */ = {isa = PBXFileReference; fileEncoding = 4; lastKnownFileType = sourcecode.cpp.cpp; name = Context.cpp; path = src/Context.cpp; sourceTree = SOURCE_ROOT; };
		369056BD1503881700E2C917 /* Context.h */ = {isa = PBXFileReference; fileEncoding = 4; lastKnownFileType = sourcecode.c.h; name = Context.h; path = src/Context.h; sourceTree = SOURCE_ROOT; };
		369056BE1503881700E2C917 /* Lexer.cpp */ = {isa = PBXFileReference; fileEncoding = 4; lastKnownFileType = sourcecode.cpp.cpp; name = Lexer.cpp; path = src/Lexer.cpp; sourceTree = SOURCE_ROOT; };
		369056BF1503881700E2C917 /* Lexer.h */ = {isa = PBXFileReference; fileEncoding = 4; lastKnownFileType = sourcecode.c.h; name = Lexer.h; path = src/Lexer.h; sourceTree = SOURCE_ROOT; };
		369056C11503881700E2C917 /* main.cpp */ = {isa = PBXFileReference; fileEncoding = 4; lastKnownFileType = sourcecode.cpp.cpp; name = main.cpp; path = src/main.cpp; sourceTree = SOURCE_ROOT; };
		369056C21503881700E2C917 /* Parser.cpp */ = {isa = PBXFileReference; fileEncoding = 4; lastKnownFileType = sourcecode.cpp.cpp; name = Parser.cpp; path = src/Parser.cpp; sourceTree = SOURCE_ROOT; };
		369056C31503881700E2C917 /* Parser.h */ = {isa = PBXFileReference; fileEncoding = 4; lastKnownFileType = sourcecode.c.h; name = Parser.h; path = src/Parser.h; sourceTree = SOURCE_ROOT; };
		369056C41503881700E2C917 /* PrinterVisitor.cpp */ = {isa = PBXFileReference; fileEncoding = 4; lastKnownFileType = sourcecode.cpp.cpp; name = PrinterVisitor.cpp; path = src/PrinterVisitor.cpp; sourceTree = SOURCE_ROOT; };
		369056C51503881700E2C917 /* PrinterVisitor.h */ = {isa = PBXFileReference; fileEncoding = 4; lastKnownFileType = sourcecode.c.h; name = PrinterVisitor.h; path = src/PrinterVisitor.h; sourceTree = SOURCE_ROOT; };
		369056C71503881700E2C917 /* RecursiveAstVisitor.cpp */ = {isa = PBXFileReference; fileEncoding = 4; lastKnownFileType = sourcecode.cpp.cpp; name = RecursiveAstVisitor.cpp; path = src/RecursiveAstVisitor.cpp; sourceTree = SOURCE_ROOT; };
		369056C81503881700E2C917 /* RecursiveAstVisitor.h */ = {isa = PBXFileReference; fileEncoding = 4; lastKnownFileType = sourcecode.c.h; name = RecursiveAstVisitor.h; path = src/RecursiveAstVisitor.h; sourceTree = SOURCE_ROOT; };
		369056C91503881700E2C917 /* SemanticAnalyser.cpp */ = {isa = PBXFileReference; fileEncoding = 4; lastKnownFileType = sourcecode.cpp.cpp; name = SemanticAnalyser.cpp; path = src/SemanticAnalyser.cpp; sourceTree = SOURCE_ROOT; };
		369056CA1503881700E2C917 /* SemanticAnalyser.h */ = {isa = PBXFileReference; fileEncoding = 4; lastKnownFileType = sourcecode.c.h; name = SemanticAnalyser.h; path = src/SemanticAnalyser.h; sourceTree = SOURCE_ROOT; };
		369056CB1503881700E2C917 /* Source.cpp */ = {isa = PBXFileReference; fileEncoding = 4; lastKnownFileType = sourcecode.cpp.cpp; name = Source.cpp; path = src/Source.cpp; sourceTree = SOURCE_ROOT; };
		369056CC1503881700E2C917 /* Source.h */ = {isa = PBXFileReference; fileEncoding = 4; lastKnownFileType = sourcecode.c.h; name = Source.h; path = src/Source.h; sourceTree = SOURCE_ROOT; };
		369056CD1503881700E2C917 /* SourceFile.cpp */ = {isa = PBXFileReference; fileEncoding = 4; lastKnownFileType = sourcecode.cpp.cpp; name = SourceFile.cpp; path = src/SourceFile.cpp; sourceTree = SOURCE_ROOT; };
		369056CE1503881700E2C917 /* SourceFile.h */ = {isa = PBXFileReference; fileEncoding = 4; lastKnownFileType = sourcecode.c.h; name = SourceFile.h; path = src/SourceFile.h; sourceTree = SOURCE_ROOT; };
		369056CF1503881700E2C917 /* SourceLocation.h */ = {isa = PBXFileReference; fileEncoding = 4; lastKnownFileType = sourcecode.c.h; name = SourceLocation.h; path = src/SourceLocation.h; sourceTree = SOURCE_ROOT; };
		369056D01503881700E2C917 /* SourceString.cpp */ = {isa = PBXFileReference; fileEncoding = 4; lastKnownFileType = sourcecode.cpp.cpp; name = SourceString.cpp; path = src/SourceString.cpp; sourceTree = SOURCE_ROOT; };
		369056D11503881700E2C917 /* SourceString.h */ = {isa = PBXFileReference; fileEncoding = 4; lastKnownFileType = sourcecode.c.h; name = SourceString.h; path = src/SourceString.h; sourceTree = SOURCE_ROOT; };
		369056D21503881700E2C917 /* Symbol.cpp */ = {isa = PBXFileReference; fileEncoding = 4; lastKnownFileType = sourcecode.cpp.cpp; name = Symbol.cpp; path = src/Symbol.cpp; sourceTree = SOURCE_ROOT; };
		369056D31503881700E2C917 /* Symbol.h */ = {isa = PBXFileReference; fileEncoding = 4; lastKnownFileType = sourcecode.c.h; name = Symbol.h; path = src/Symbol.h; sourceTree = SOURCE_ROOT; };
		369056D41503881700E2C917 /* SymbolTable.cpp */ = {isa = PBXFileReference; fileEncoding = 4; lastKnownFileType = sourcecode.cpp.cpp; name = SymbolTable.cpp; path = src/SymbolTable.cpp; sourceTree = SOURCE_ROOT; };
		369056D51503881700E2C917 /* SymbolTable.h */ = {isa = PBXFileReference; fileEncoding = 4; lastKnownFileType = sourcecode.c.h; name = SymbolTable.h; path = src/SymbolTable.h; sourceTree = SOURCE_ROOT; };
		369056D61503881700E2C917 /* Token.cpp */ = {isa = PBXFileReference; fileEncoding = 4; lastKnownFileType = sourcecode.cpp.cpp; name = Token.cpp; path = src/Token.cpp; sourceTree = SOURCE_ROOT; };
		369056D71503881700E2C917 /* Token.def.h */ = {isa = PBXFileReference; fileEncoding = 4; lastKnownFileType = sourcecode.c.h; name = Token.def.h; path = src/Token.def.h; sourceTree = SOURCE_ROOT; };
		369056D81503881700E2C917 /* Token.h */ = {isa = PBXFileReference; fileEncoding = 4; lastKnownFileType = sourcecode.c.h; name = Token.h; path = src/Token.h; sourceTree = SOURCE_ROOT; };
		369056D91503881700E2C917 /* Type.cpp */ = {isa = PBXFileReference; fileEncoding = 4; lastKnownFileType = sourcecode.cpp.cpp; name = Type.cpp; path = src/Type.cpp; sourceTree = SOURCE_ROOT; };
		369056DA1503881700E2C917 /* Type.def.h */ = {isa = PBXFileReference; fileEncoding = 4; lastKnownFileType = sourcecode.c.h; name = Type.def.h; path = src/Type.def.h; sourceTree = SOURCE_ROOT; };
		369056DB1503881700E2C917 /* Type.h */ = {isa = PBXFileReference; fileEncoding = 4; lastKnownFileType = sourcecode.c.h; name = Type.h; path = src/Type.h; sourceTree = SOURCE_ROOT; };
		36A16E12153194E0002F4A43 /* pch.hpp */ = {isa = PBXFileReference; fileEncoding = 4; lastKnownFileType = sourcecode.cpp.h; name = pch.hpp; path = src/pch.hpp; sourceTree = SOURCE_ROOT; };
/* End PBXFileReference section */

/* Begin PBXFrameworksBuildPhase section */
		365F7A4914F90D7A00553D98 /* Frameworks */ = {
			isa = PBXFrameworksBuildPhase;
			buildActionMask = 2147483647;
			files = (
				365077311504C9BB005061C9 /* libboost_filesystem.dylib in Frameworks */,
				365077321504C9BB005061C9 /* libboost_system.dylib in Frameworks */,
			);
			runOnlyForDeploymentPostprocessing = 0;
		};
/* End PBXFrameworksBuildPhase section */

/* Begin PBXGroup section */
		365F7A4114F90D7A00553D98 = {
			isa = PBXGroup;
			children = (
				36779A0B1503BD9700369AFF /* README */,
				3675818C150255B50006E4B5 /* llvm.xcconfig */,
				369056F7150388FF00E2C917 /* docs */,
				365F7A4F14F90D7A00553D98 /* src */,
				36A6E98314F923A900C3EEA1 /* Libraries */,
				365F7A4D14F90D7A00553D98 /* Products */,
			);
			sourceTree = "<group>";
		};
		365F7A4D14F90D7A00553D98 /* Products */ = {
			isa = PBXGroup;
			children = (
				365F7A4C14F90D7A00553D98 /* lbc */,
			);
			name = Products;
			sourceTree = "<group>";
		};
		365F7A4F14F90D7A00553D98 /* src */ = {
			isa = PBXGroup;
			children = (
				369056C11503881700E2C917 /* main.cpp */,
				369056EE1503884F00E2C917 /* Context */,
				369056F3150388A600E2C917 /* Input Source */,
				369056EF1503885A00E2C917 /* Lexer */,
				369056F01503886600E2C917 /* Parser */,
				369056EC1503883900E2C917 /* Ast */,
				369056F21503889700E2C917 /* Semantic Analyser */,
				369056F4150388C100E2C917 /* Symbol table */,
				369056ED1503884300E2C917 /* Code Generation */,
				369056F5150388D400E2C917 /* Type */,
				369056F6150388E700E2C917 /* Utils */,
			);
			name = src;
			path = LightBASIC;
			sourceTree = "<group>";
		};
		369056EC1503883900E2C917 /* Ast */ = {
			isa = PBXGroup;
			children = (
				369056B71503881700E2C917 /* Ast.def.h */,
				369056B81503881700E2C917 /* Ast.h */,
				369056B61503881700E2C917 /* Ast.cpp */,
				369056B91503881700E2C917 /* AstVisitor.h */,
				36779A091503A96D00369AFF /* AstVisitor.cpp */,
				369056C81503881700E2C917 /* RecursiveAstVisitor.h */,
				369056C71503881700E2C917 /* RecursiveAstVisitor.cpp */,
				369056F11503888D00E2C917 /* Printer */,
			);
			name = Ast;
			sourceTree = "<group>";
		};
		369056ED1503884300E2C917 /* Code Generation */ = {
			isa = PBXGroup;
			children = (
				369056BB1503881700E2C917 /* IrBuilder.h */,
				369056BA1503881700E2C917 /* IrBuilder.cpp */,
				368378D2150901D3004C7BAB /* Emitter.h */,
				368378D4150901F7004C7BAB /* Emitter.cpp */,
			);
			name = "Code Generation";
			sourceTree = "<group>";
		};
		369056EE1503884F00E2C917 /* Context */ = {
			isa = PBXGroup;
			children = (
				369056BD1503881700E2C917 /* Context.h */,
				369056BC1503881700E2C917 /* Context.cpp */,
			);
			name = Context;
			sourceTree = "<group>";
		};
		369056EF1503885A00E2C917 /* Lexer */ = {
			isa = PBXGroup;
			children = (
				369056D71503881700E2C917 /* Token.def.h */,
				369056D81503881700E2C917 /* Token.h */,
				369056D61503881700E2C917 /* Token.cpp */,
				369056BF1503881700E2C917 /* Lexer.h */,
				369056BE1503881700E2C917 /* Lexer.cpp */,
			);
			name = Lexer;
			sourceTree = "<group>";
		};
		369056F01503886600E2C917 /* Parser */ = {
			isa = PBXGroup;
			children = (
				369056C31503881700E2C917 /* Parser.h */,
				369056C21503881700E2C917 /* Parser.cpp */,
			);
			name = Parser;
			sourceTree = "<group>";
		};
		369056F11503888D00E2C917 /* Printer */ = {
			isa = PBXGroup;
			children = (
				369056C51503881700E2C917 /* PrinterVisitor.h */,
				369056C41503881700E2C917 /* PrinterVisitor.cpp */,
			);
			name = Printer;
			sourceTree = "<group>";
		};
		369056F21503889700E2C917 /* Semantic Analyser */ = {
			isa = PBXGroup;
			children = (
				369056CA1503881700E2C917 /* SemanticAnalyser.h */,
				369056C91503881700E2C917 /* SemanticAnalyser.cpp */,
			);
			name = "Semantic Analyser";
			sourceTree = "<group>";
		};
		369056F3150388A600E2C917 /* Input Source */ = {
			isa = PBXGroup;
			children = (
				369056CF1503881700E2C917 /* SourceLocation.h */,
				369056CC1503881700E2C917 /* Source.h */,
				369056CB1503881700E2C917 /* Source.cpp */,
				369056CE1503881700E2C917 /* SourceFile.h */,
				369056CD1503881700E2C917 /* SourceFile.cpp */,
				369056D11503881700E2C917 /* SourceString.h */,
				369056D01503881700E2C917 /* SourceString.cpp */,
			);
			name = "Input Source";
			sourceTree = "<group>";
		};
		369056F4150388C100E2C917 /* Symbol table */ = {
			isa = PBXGroup;
			children = (
				369056D31503881700E2C917 /* Symbol.h */,
				369056D21503881700E2C917 /* Symbol.cpp */,
				369056D51503881700E2C917 /* SymbolTable.h */,
				369056D41503881700E2C917 /* SymbolTable.cpp */,
			);
			name = "Symbol table";
			sourceTree = "<group>";
		};
		369056F5150388D400E2C917 /* Type */ = {
			isa = PBXGroup;
			children = (
				369056DA1503881700E2C917 /* Type.def.h */,
				369056DB1503881700E2C917 /* Type.h */,
				369056D91503881700E2C917 /* Type.cpp */,
			);
			name = Type;
			sourceTree = "<group>";
		};
		369056F6150388E700E2C917 /* Utils */ = {
			isa = PBXGroup;
			children = (
				363CAD981537837400BAA115 /* MemoryPool.h */,
				36A16E12153194E0002F4A43 /* pch.hpp */,
				364CB4BE1530DA6C00F06F03 /* Utils.h */,
				36337CF21528C1CB00777D7A /* Version.h */,
			);
			name = Utils;
			sourceTree = "<group>";
		};
		369056F7150388FF00E2C917 /* docs */ = {
			isa = PBXGroup;
			children = (
				362740ED1513DEC7005C8D97 /* TODO.txt */,
			);
			name = docs;
			path = LightBASIC;
			sourceTree = "<group>";
		};
		36A6E98314F923A900C3EEA1 /* Libraries */ = {
			isa = PBXGroup;
			children = (
				3650772F1504C9BB005061C9 /* libboost_filesystem.dylib */,
				365077301504C9BB005061C9 /* libboost_system.dylib */,
			);
			name = Libraries;
			sourceTree = "<group>";
		};
/* End PBXGroup section */

/* Begin PBXNativeTarget section */
		365F7A4B14F90D7A00553D98 /* lbc */ = {
			isa = PBXNativeTarget;
			buildConfigurationList = 365F7A5614F90D7A00553D98 /* Build configuration list for PBXNativeTarget "lbc" */;
			buildPhases = (
				3675818A150254E60006E4B5 /* ShellScript */,
				365F7A4814F90D7A00553D98 /* Sources */,
				365F7A4914F90D7A00553D98 /* Frameworks */,
				36D37C12151E114A00B3E121 /* ShellScript */,
				36D37C13151E138700B3E121 /* ShellScript */,
			);
			buildRules = (
			);
			dependencies = (
			);
			name = lbc;
			productName = LightBASIC;
			productReference = 365F7A4C14F90D7A00553D98 /* lbc */;
			productType = "com.apple.product-type.tool";
		};
/* End PBXNativeTarget section */

/* Begin PBXProject section */
		365F7A4314F90D7A00553D98 /* Project object */ = {
			isa = PBXProject;
			attributes = {
				LastUpgradeCheck = 0430;
				ORGANIZATIONNAME = "LightBASIC development team";
			};
			buildConfigurationList = 365F7A4614F90D7A00553D98 /* Build configuration list for PBXProject "LightBASIC" */;
			compatibilityVersion = "Xcode 3.2";
			developmentRegion = English;
			hasScannedForEncodings = 0;
			knownRegions = (
				en,
			);
			mainGroup = 365F7A4114F90D7A00553D98;
			productRefGroup = 365F7A4D14F90D7A00553D98 /* Products */;
			projectDirPath = "";
			projectRoot = "";
			targets = (
				365F7A4B14F90D7A00553D98 /* lbc */,
			);
		};
/* End PBXProject section */

/* Begin PBXShellScriptBuildPhase section */
		3675818A150254E60006E4B5 /* ShellScript */ = {
			isa = PBXShellScriptBuildPhase;
			buildActionMask = 2147483647;
			files = (
			);
			inputPaths = (
			);
			outputPaths = (
			);
			runOnlyForDeploymentPostprocessing = 0;
			shellPath = /bin/sh;
			shellScript = "\n# llvm libraries\nLLVM_LIBS=\"core bitwriter\"\n# c flags\nLLVM_CFLAGS=`/usr/local/bin/llvm-config --cflags`\n# ld flags\nLLVM_LDFLAGS=`/usr/local/bin/llvm-config --ldflags`\" \"`/usr/local/bin/llvm-config --libs $LLVM_LIBS`\n\n# Generate the xcode config file\nLLVM_XCCONFIG=\"llvm.xcconfig\"\necho \"// Configuration file for LLVM settings, generated as a build phase.\" > $LLVM_XCCONFIG\necho \"LLVM_CFLAGS = $LLVM_CFLAGS\" >> $LLVM_XCCONFIG\necho \"LLVM_LDFLAGS = $LLVM_LDFLAGS\" >> $LLVM_XCCONFIG\n";
		};
		36D37C12151E114A00B3E121 /* ShellScript */ = {
			isa = PBXShellScriptBuildPhase;
			buildActionMask = 2147483647;
			files = (
			);
			inputPaths = (
			);
			outputPaths = (
			);
			runOnlyForDeploymentPostprocessing = 0;
			shellPath = /bin/sh;
			shellScript = "cp -R $SRCROOT/tests $BUILT_PRODUCTS_DIR/";
		};
		36D37C13151E138700B3E121 /* ShellScript */ = {
			isa = PBXShellScriptBuildPhase;
			buildActionMask = 2147483647;
			files = (
			);
			inputPaths = (
			);
			outputPaths = (
			);
			runOnlyForDeploymentPostprocessing = 0;
			shellPath = /bin/sh;
			shellScript = "cp -R $SRCROOT/samples $BUILT_PRODUCTS_DIR/";
		};
/* End PBXShellScriptBuildPhase section */

/* Begin PBXSourcesBuildPhase section */
		365F7A4814F90D7A00553D98 /* Sources */ = {
			isa = PBXSourcesBuildPhase;
			buildActionMask = 2147483647;
			files = (
				369056DC1503881700E2C917 /* Ast.cpp in Sources */,
				369056DE1503881700E2C917 /* Context.cpp in Sources */,
				369056DF1503881700E2C917 /* Lexer.cpp in Sources */,
				369056E01503881700E2C917 /* main.cpp in Sources */,
				369056E11503881700E2C917 /* Parser.cpp in Sources */,
				369056E21503881700E2C917 /* PrinterVisitor.cpp in Sources */,
				369056E31503881700E2C917 /* RecursiveAstVisitor.cpp in Sources */,
				369056E41503881700E2C917 /* SemanticAnalyser.cpp in Sources */,
				369056E51503881700E2C917 /* Source.cpp in Sources */,
				369056E61503881700E2C917 /* SourceFile.cpp in Sources */,
				369056E71503881700E2C917 /* SourceString.cpp in Sources */,
				369056E81503881700E2C917 /* Symbol.cpp in Sources */,
				369056E91503881700E2C917 /* SymbolTable.cpp in Sources */,
				369056EA1503881700E2C917 /* Token.cpp in Sources */,
				369056EB1503881700E2C917 /* Type.cpp in Sources */,
				36779A0A1503A96D00369AFF /* AstVisitor.cpp in Sources */,
				36682DC9150CF4E700E1038A /* IrBuilder.cpp in Sources */,
				36682DCA150CFCBD00E1038A /* Emitter.cpp in Sources */,
			);
			runOnlyForDeploymentPostprocessing = 0;
		};
/* End PBXSourcesBuildPhase section */

/* Begin XCBuildConfiguration section */
		365F7A5414F90D7A00553D98 /* Debug */ = {
			isa = XCBuildConfiguration;
			buildSettings = {
				ALWAYS_SEARCH_USER_PATHS = NO;
				ARCHS = "$(ARCHS_STANDARD_64_BIT)";
				COPY_PHASE_STRIP = NO;
				GCC_C_LANGUAGE_STANDARD = "compiler-default";
				GCC_DYNAMIC_NO_PIC = NO;
				GCC_ENABLE_OBJC_EXCEPTIONS = YES;
				GCC_OPTIMIZATION_LEVEL = 0;
				GCC_PREPROCESSOR_DEFINITIONS = (
					"DEBUG=1",
					"$(inherited)",
				);
				GCC_SYMBOLS_PRIVATE_EXTERN = NO;
				GCC_VERSION = com.apple.compilers.llvm.clang.1_0;
				GCC_WARN_64_TO_32_BIT_CONVERSION = YES;
				GCC_WARN_ABOUT_RETURN_TYPE = YES;
				GCC_WARN_UNINITIALIZED_AUTOS = YES;
				GCC_WARN_UNUSED_VARIABLE = YES;
				MACOSX_DEPLOYMENT_TARGET = 10.7;
				ONLY_ACTIVE_ARCH = YES;
				SDKROOT = macosx;
			};
			name = Debug;
		};
		365F7A5514F90D7A00553D98 /* Release */ = {
			isa = XCBuildConfiguration;
			buildSettings = {
				ALWAYS_SEARCH_USER_PATHS = NO;
				ARCHS = "$(ARCHS_STANDARD_64_BIT)";
				COPY_PHASE_STRIP = YES;
				DEBUG_INFORMATION_FORMAT = "dwarf-with-dsym";
				GCC_C_LANGUAGE_STANDARD = "compiler-default";
				GCC_ENABLE_OBJC_EXCEPTIONS = YES;
				GCC_VERSION = com.apple.compilers.llvm.clang.1_0;
				GCC_WARN_64_TO_32_BIT_CONVERSION = YES;
				GCC_WARN_ABOUT_RETURN_TYPE = YES;
				GCC_WARN_UNINITIALIZED_AUTOS = YES;
				GCC_WARN_UNUSED_VARIABLE = YES;
				MACOSX_DEPLOYMENT_TARGET = 10.7;
				SDKROOT = macosx;
			};
			name = Release;
		};
		365F7A5714F90D7A00553D98 /* Debug */ = {
			isa = XCBuildConfiguration;
			baseConfigurationReference = 3675818C150255B50006E4B5 /* llvm.xcconfig */;
			buildSettings = {
				ARCHS = "$(ARCHS_STANDARD_64_BIT)";
				CLANG_CXX_LANGUAGE_STANDARD = "c++0x";
				CLANG_CXX_LIBRARY = "libc++";
				CLANG_WARN_IMPLICIT_SIGN_CONVERSION = YES;
				CLANG_WARN_SUSPICIOUS_IMPLICIT_CONVERSION = YES;
				CLANG_WARN__EXIT_TIME_DESTRUCTORS = NO;
				CURRENT_PROJECT_VERSION = "";
				DEAD_CODE_STRIPPING = NO;
				GCC_C_LANGUAGE_STANDARD = c99;
				GCC_PRECOMPILE_PREFIX_HEADER = YES;
				GCC_PREFIX_HEADER = src/pch.hpp;
				GCC_TREAT_IMPLICIT_FUNCTION_DECLARATIONS_AS_ERRORS = YES;
				GCC_TREAT_INCOMPATIBLE_POINTER_TYPE_WARNINGS_AS_ERRORS = YES;
				GCC_TREAT_WARNINGS_AS_ERRORS = YES;
				GCC_WARN_ABOUT_MISSING_FIELD_INITIALIZERS = YES;
				GCC_WARN_ABOUT_MISSING_NEWLINE = YES;
				GCC_WARN_ABOUT_MISSING_PROTOTYPES = YES;
				GCC_WARN_FOUR_CHARACTER_CONSTANTS = YES;
				GCC_WARN_HIDDEN_VIRTUAL_FUNCTIONS = YES;
				GCC_WARN_INITIALIZER_NOT_FULLY_BRACKETED = YES;
				GCC_WARN_MULTIPLE_DEFINITION_TYPES_FOR_SELECTOR = YES;
				GCC_WARN_NON_VIRTUAL_DESTRUCTOR = YES;
				GCC_WARN_PEDANTIC = YES;
				GCC_WARN_SHADOW = YES;
				GCC_WARN_SIGN_COMPARE = YES;
				GCC_WARN_STRICT_SELECTOR_MATCH = NO;
				GCC_WARN_UNDECLARED_SELECTOR = NO;
				GCC_WARN_UNKNOWN_PRAGMAS = YES;
				GCC_WARN_UNUSED_FUNCTION = YES;
				GCC_WARN_UNUSED_LABEL = YES;
				GCC_WARN_UNUSED_PARAMETER = YES;
				LLVM_LTO = NO;
				OTHER_CFLAGS = "$(LLVM_CFLAGS)";
				OTHER_LDFLAGS = "$(LLVM_LDFLAGS)";
				PRODUCT_NAME = "$(TARGET_NAME)";
				VERSIONING_SYSTEM = "";
				VERSION_INFO_EXPORT_DECL = "";
			};
			name = Debug;
		};
		365F7A5814F90D7A00553D98 /* Release */ = {
			isa = XCBuildConfiguration;
			baseConfigurationReference = 3675818C150255B50006E4B5 /* llvm.xcconfig */;
			buildSettings = {
				ARCHS = "$(ARCHS_STANDARD_64_BIT)";
				CLANG_CXX_LANGUAGE_STANDARD = "c++0x";
				CLANG_CXX_LIBRARY = "libc++";
				CLANG_WARN_IMPLICIT_SIGN_CONVERSION = YES;
				CLANG_WARN_SUSPICIOUS_IMPLICIT_CONVERSION = YES;
				CLANG_WARN__EXIT_TIME_DESTRUCTORS = NO;
				CURRENT_PROJECT_VERSION = "";
				DEAD_CODE_STRIPPING = YES;
				GCC_C_LANGUAGE_STANDARD = c99;
				GCC_GENERATE_DEBUGGING_SYMBOLS = NO;
				GCC_OPTIMIZATION_LEVEL = s;
				GCC_PRECOMPILE_PREFIX_HEADER = YES;
				GCC_PREFIX_HEADER = src/pch.hpp;
				GCC_TREAT_IMPLICIT_FUNCTION_DECLARATIONS_AS_ERRORS = YES;
				GCC_TREAT_INCOMPATIBLE_POINTER_TYPE_WARNINGS_AS_ERRORS = YES;
				GCC_TREAT_WARNINGS_AS_ERRORS = YES;
				GCC_WARN_ABOUT_MISSING_FIELD_INITIALIZERS = YES;
				GCC_WARN_ABOUT_MISSING_NEWLINE = YES;
				GCC_WARN_ABOUT_MISSING_PROTOTYPES = YES;
				GCC_WARN_FOUR_CHARACTER_CONSTANTS = YES;
				GCC_WARN_HIDDEN_VIRTUAL_FUNCTIONS = YES;
				GCC_WARN_INITIALIZER_NOT_FULLY_BRACKETED = YES;
				GCC_WARN_MULTIPLE_DEFINITION_TYPES_FOR_SELECTOR = YES;
				GCC_WARN_NON_VIRTUAL_DESTRUCTOR = YES;
				GCC_WARN_PEDANTIC = YES;
				GCC_WARN_SHADOW = YES;
				GCC_WARN_SIGN_COMPARE = YES;
				GCC_WARN_STRICT_SELECTOR_MATCH = NO;
				GCC_WARN_UNDECLARED_SELECTOR = NO;
				GCC_WARN_UNKNOWN_PRAGMAS = YES;
				GCC_WARN_UNUSED_FUNCTION = YES;
				GCC_WARN_UNUSED_LABEL = YES;
				GCC_WARN_UNUSED_PARAMETER = YES;
				LLVM_LTO = YES;
				OTHER_CFLAGS = "$(LLVM_CFLAGS)";
				OTHER_LDFLAGS = "$(LLVM_LDFLAGS)";
				PRODUCT_NAME = "$(TARGET_NAME)";
				STRIP_INSTALLED_PRODUCT = YES;
				VERSIONING_SYSTEM = "";
				VERSION_INFO_EXPORT_DECL = "";
			};
			name = Release;
		};
/* End XCBuildConfiguration section */

/* Begin XCConfigurationList section */
		365F7A4614F90D7A00553D98 /* Build configuration list for PBXProject "LightBASIC" */ = {
			isa = XCConfigurationList;
			buildConfigurations = (
				365F7A5414F90D7A00553D98 /* Debug */,
				365F7A5514F90D7A00553D98 /* Release */,
			);
			defaultConfigurationIsVisible = 0;
			defaultConfigurationName = Release;
		};
		365F7A5614F90D7A00553D98 /* Build configuration list for PBXNativeTarget "lbc" */ = {
			isa = XCConfigurationList;
			buildConfigurations = (
				365F7A5714F90D7A00553D98 /* Debug */,
				365F7A5814F90D7A00553D98 /* Release */,
			);
			defaultConfigurationIsVisible = 0;
			defaultConfigurationName = Release;
		};
/* End XCConfigurationList section */
	};
	rootObject = 365F7A4314F90D7A00553D98 /* Project object */;
}
