// !$*UTF8*$!
{
	archiveVersion = 1;
	classes = {
	};
	objectVersion = 46;
	objects = {

/* Begin PBXBuildFile section */
		364A146C158CC26200122A9A /* libboost_unit_test_framework.dylib in Frameworks */ = {isa = PBXBuildFile; fileRef = 364A146B158CC26200122A9A /* libboost_unit_test_framework.dylib */; };
		364A146F158CC2B500122A9A /* TestLexer.cpp in Sources */ = {isa = PBXBuildFile; fileRef = 364A146D158CC2B500122A9A /* TestLexer.cpp */; };
		365CA8221595FC0300021215 /* utils.cpp in Sources */ = {isa = PBXBuildFile; fileRef = 365CA8211595FC0300021215 /* utils.cpp */; };
		365CA8231595FC0300021215 /* utils.cpp in Sources */ = {isa = PBXBuildFile; fileRef = 365CA8211595FC0300021215 /* utils.cpp */; };
		365CA8361597386600021215 /* ParseDeclaration.cpp in Sources */ = {isa = PBXBuildFile; fileRef = 365CA8351597386600021215 /* ParseDeclaration.cpp */; };
		365CA8371597386600021215 /* ParseDeclaration.cpp in Sources */ = {isa = PBXBuildFile; fileRef = 365CA8351597386600021215 /* ParseDeclaration.cpp */; };
		368A0647166FFFAB000D7CDF /* ParseDeclare.cpp in Sources */ = {isa = PBXBuildFile; fileRef = 368A0646166FFFAB000D7CDF /* ParseDeclare.cpp */; };
		36A4298515973F27002CADF1 /* ParseAttributes.cpp in Sources */ = {isa = PBXBuildFile; fileRef = 36A4298415973F27002CADF1 /* ParseAttributes.cpp */; };
		36A4298615973F27002CADF1 /* ParseAttributes.cpp in Sources */ = {isa = PBXBuildFile; fileRef = 36A4298415973F27002CADF1 /* ParseAttributes.cpp */; };
		36A4298915974662002CADF1 /* ParseIdentifier.cpp in Sources */ = {isa = PBXBuildFile; fileRef = 36A4298815974662002CADF1 /* ParseIdentifier.cpp */; };
		36A4298A15974662002CADF1 /* ParseIdentifier.cpp in Sources */ = {isa = PBXBuildFile; fileRef = 36A4298815974662002CADF1 /* ParseIdentifier.cpp */; };
		36A4298C159776C3002CADF1 /* ParseDim.cpp in Sources */ = {isa = PBXBuildFile; fileRef = 36A4298B159776C3002CADF1 /* ParseDim.cpp */; };
		36A4298D159776C3002CADF1 /* ParseDim.cpp in Sources */ = {isa = PBXBuildFile; fileRef = 36A4298B159776C3002CADF1 /* ParseDim.cpp */; };
		36A4298F159776E4002CADF1 /* ParseVar.cpp in Sources */ = {isa = PBXBuildFile; fileRef = 36A4298E159776E4002CADF1 /* ParseVar.cpp */; };
		36A42990159776E4002CADF1 /* ParseVar.cpp in Sources */ = {isa = PBXBuildFile; fileRef = 36A4298E159776E4002CADF1 /* ParseVar.cpp */; };
		36A4299215977ACE002CADF1 /* ParseTypeExpr.cpp in Sources */ = {isa = PBXBuildFile; fileRef = 36A4299115977ACE002CADF1 /* ParseTypeExpr.cpp */; };
		36A4299315977ACE002CADF1 /* ParseTypeExpr.cpp in Sources */ = {isa = PBXBuildFile; fileRef = 36A4299115977ACE002CADF1 /* ParseTypeExpr.cpp */; };
		36A4299515977BA6002CADF1 /* ParseExpression.cpp in Sources */ = {isa = PBXBuildFile; fileRef = 36A4299415977BA6002CADF1 /* ParseExpression.cpp */; };
		36A4299615977BA6002CADF1 /* ParseExpression.cpp in Sources */ = {isa = PBXBuildFile; fileRef = 36A4299415977BA6002CADF1 /* ParseExpression.cpp */; };
		36B1923F158CBA470018496F /* Ast.cpp in Sources */ = {isa = PBXBuildFile; fileRef = 36F0014A15894A5F00C9976F /* Ast.cpp */; };
		36B19240158CBA470018496F /* AstVisitor.cpp in Sources */ = {isa = PBXBuildFile; fileRef = 36F0014B15894A5F00C9976F /* AstVisitor.cpp */; };
		36B19241158CBA470018496F /* RecursiveAstVisitor.cpp in Sources */ = {isa = PBXBuildFile; fileRef = 36F0015515894A5F00C9976F /* RecursiveAstVisitor.cpp */; };
		36B19242158CBA470018496F /* PrinterVisitor.cpp in Sources */ = {isa = PBXBuildFile; fileRef = 36F0015415894A5F00C9976F /* PrinterVisitor.cpp */; };
		36B19243158CBA470018496F /* Token.cpp in Sources */ = {isa = PBXBuildFile; fileRef = 36F0015915894A5F00C9976F /* Token.cpp */; };
		36B19244158CBA470018496F /* Lexer.cpp in Sources */ = {isa = PBXBuildFile; fileRef = 36F0015015894A5F00C9976F /* Lexer.cpp */; };
		36B19245158CBA470018496F /* Parser.cpp in Sources */ = {isa = PBXBuildFile; fileRef = 36F0015215894A5F00C9976F /* Parser.cpp */; };
		36B19246158CBA470018496F /* Symbol.cpp in Sources */ = {isa = PBXBuildFile; fileRef = 36F0015715894A5F00C9976F /* Symbol.cpp */; };
		36B19247158CBA470018496F /* SymbolTable.cpp in Sources */ = {isa = PBXBuildFile; fileRef = 36F0015815894A5F00C9976F /* SymbolTable.cpp */; };
		36B19248158CBA470018496F /* SemanticAnalyser.cpp in Sources */ = {isa = PBXBuildFile; fileRef = 36F0015615894A5F00C9976F /* SemanticAnalyser.cpp */; };
		36B19249158CBA470018496F /* Type.cpp in Sources */ = {isa = PBXBuildFile; fileRef = 36F0015A15894A5F00C9976F /* Type.cpp */; };
		36B1924A158CBA470018496F /* IrBuilder.cpp in Sources */ = {isa = PBXBuildFile; fileRef = 36F0014F15894A5F00C9976F /* IrBuilder.cpp */; };
		36B1924B158CBA470018496F /* Context.cpp in Sources */ = {isa = PBXBuildFile; fileRef = 36F0014C15894A5F00C9976F /* Context.cpp */; };
		36B1924C158CBA470018496F /* Driver.cpp in Sources */ = {isa = PBXBuildFile; fileRef = 36F0014D15894A5F00C9976F /* Driver.cpp */; };
		36B1924D158CBA470018496F /* Emitter.cpp in Sources */ = {isa = PBXBuildFile; fileRef = 36F0014E15894A5F00C9976F /* Emitter.cpp */; };
		36B1924E158CBA470018496F /* Path.cpp in Sources */ = {isa = PBXBuildFile; fileRef = 36F0015315894A5F00C9976F /* Path.cpp */; };
		36B1924F158CBA4E0018496F /* main.cpp in Sources */ = {isa = PBXBuildFile; fileRef = 36B19238158CB9FE0018496F /* main.cpp */; };
		36F0017215894A5F00C9976F /* Ast.cpp in Sources */ = {isa = PBXBuildFile; fileRef = 36F0014A15894A5F00C9976F /* Ast.cpp */; };
		36F0017315894A5F00C9976F /* AstVisitor.cpp in Sources */ = {isa = PBXBuildFile; fileRef = 36F0014B15894A5F00C9976F /* AstVisitor.cpp */; };
		36F0017415894A5F00C9976F /* Context.cpp in Sources */ = {isa = PBXBuildFile; fileRef = 36F0014C15894A5F00C9976F /* Context.cpp */; };
		36F0017515894A5F00C9976F /* Driver.cpp in Sources */ = {isa = PBXBuildFile; fileRef = 36F0014D15894A5F00C9976F /* Driver.cpp */; };
		36F0017615894A5F00C9976F /* Emitter.cpp in Sources */ = {isa = PBXBuildFile; fileRef = 36F0014E15894A5F00C9976F /* Emitter.cpp */; };
		36F0017715894A5F00C9976F /* IrBuilder.cpp in Sources */ = {isa = PBXBuildFile; fileRef = 36F0014F15894A5F00C9976F /* IrBuilder.cpp */; };
		36F0017815894A5F00C9976F /* Lexer.cpp in Sources */ = {isa = PBXBuildFile; fileRef = 36F0015015894A5F00C9976F /* Lexer.cpp */; };
		36F0017915894A5F00C9976F /* main.cpp in Sources */ = {isa = PBXBuildFile; fileRef = 36F0015115894A5F00C9976F /* main.cpp */; };
		36F0017A15894A5F00C9976F /* Parser.cpp in Sources */ = {isa = PBXBuildFile; fileRef = 36F0015215894A5F00C9976F /* Parser.cpp */; };
		36F0017B15894A5F00C9976F /* Path.cpp in Sources */ = {isa = PBXBuildFile; fileRef = 36F0015315894A5F00C9976F /* Path.cpp */; };
		36F0017C15894A5F00C9976F /* PrinterVisitor.cpp in Sources */ = {isa = PBXBuildFile; fileRef = 36F0015415894A5F00C9976F /* PrinterVisitor.cpp */; };
		36F0017D15894A5F00C9976F /* RecursiveAstVisitor.cpp in Sources */ = {isa = PBXBuildFile; fileRef = 36F0015515894A5F00C9976F /* RecursiveAstVisitor.cpp */; };
		36F0017E15894A5F00C9976F /* SemanticAnalyser.cpp in Sources */ = {isa = PBXBuildFile; fileRef = 36F0015615894A5F00C9976F /* SemanticAnalyser.cpp */; };
		36F0017F15894A5F00C9976F /* Symbol.cpp in Sources */ = {isa = PBXBuildFile; fileRef = 36F0015715894A5F00C9976F /* Symbol.cpp */; };
		36F0018015894A5F00C9976F /* SymbolTable.cpp in Sources */ = {isa = PBXBuildFile; fileRef = 36F0015815894A5F00C9976F /* SymbolTable.cpp */; };
		36F0018115894A5F00C9976F /* Token.cpp in Sources */ = {isa = PBXBuildFile; fileRef = 36F0015915894A5F00C9976F /* Token.cpp */; };
		36F0018215894A5F00C9976F /* Type.cpp in Sources */ = {isa = PBXBuildFile; fileRef = 36F0015A15894A5F00C9976F /* Type.cpp */; };
/* End PBXBuildFile section */

/* Begin PBXCopyFilesBuildPhase section */
		361ACBCE1589448500E384BD /* CopyFiles */ = {
			isa = PBXCopyFilesBuildPhase;
			buildActionMask = 2147483647;
			dstPath = /usr/share/man/man1/;
			dstSubfolderSpec = 0;
			files = (
			);
			runOnlyForDeploymentPostprocessing = 1;
		};
		36B19233158CB9FE0018496F /* CopyFiles */ = {
			isa = PBXCopyFilesBuildPhase;
			buildActionMask = 2147483647;
			dstPath = /usr/share/man/man1/;
			dstSubfolderSpec = 0;
			files = (
			);
			runOnlyForDeploymentPostprocessing = 1;
		};
/* End PBXCopyFilesBuildPhase section */

/* Begin PBXFileReference section */
		361ACBD01589448500E384BD /* lbc */ = {isa = PBXFileReference; explicitFileType = "compiled.mach-o.executable"; includeInIndex = 0; path = lbc; sourceTree = BUILT_PRODUCTS_DIR; };
		364A146B158CC26200122A9A /* libboost_unit_test_framework.dylib */ = {isa = PBXFileReference; lastKnownFileType = "compiled.mach-o.dylib"; name = libboost_unit_test_framework.dylib; path = /usr/local/lib/libboost_unit_test_framework.dylib; sourceTree = "<absolute>"; };
		364A146D158CC2B500122A9A /* TestLexer.cpp */ = {isa = PBXFileReference; fileEncoding = 4; lastKnownFileType = sourcecode.cpp.cpp; path = TestLexer.cpp; sourceTree = "<group>"; };
		365CA8211595FC0300021215 /* utils.cpp */ = {isa = PBXFileReference; fileEncoding = 4; lastKnownFileType = sourcecode.cpp.cpp; name = utils.cpp; path = src/utils.cpp; sourceTree = SOURCE_ROOT; };
		365CA8351597386600021215 /* ParseDeclaration.cpp */ = {isa = PBXFileReference; fileEncoding = 4; lastKnownFileType = sourcecode.cpp.cpp; name = ParseDeclaration.cpp; path = src/ParseDeclaration.cpp; sourceTree = SOURCE_ROOT; };
		365CA838159738D700021215 /* ParserShared.h */ = {isa = PBXFileReference; lastKnownFileType = sourcecode.c.h; name = ParserShared.h; path = src/ParserShared.h; sourceTree = SOURCE_ROOT; };
		368A0646166FFFAB000D7CDF /* ParseDeclare.cpp */ = {isa = PBXFileReference; fileEncoding = 4; lastKnownFileType = sourcecode.cpp.cpp; name = ParseDeclare.cpp; path = src/ParseDeclare.cpp; sourceTree = SOURCE_ROOT; };
		36A4298415973F27002CADF1 /* ParseAttributes.cpp */ = {isa = PBXFileReference; fileEncoding = 4; lastKnownFileType = sourcecode.cpp.cpp; name = ParseAttributes.cpp; path = src/ParseAttributes.cpp; sourceTree = SOURCE_ROOT; };
		36A4298815974662002CADF1 /* ParseIdentifier.cpp */ = {isa = PBXFileReference; fileEncoding = 4; lastKnownFileType = sourcecode.cpp.cpp; name = ParseIdentifier.cpp; path = src/ParseIdentifier.cpp; sourceTree = SOURCE_ROOT; };
		36A4298B159776C3002CADF1 /* ParseDim.cpp */ = {isa = PBXFileReference; fileEncoding = 4; lastKnownFileType = sourcecode.cpp.cpp; name = ParseDim.cpp; path = src/ParseDim.cpp; sourceTree = SOURCE_ROOT; };
		36A4298E159776E4002CADF1 /* ParseVar.cpp */ = {isa = PBXFileReference; fileEncoding = 4; lastKnownFileType = sourcecode.cpp.cpp; name = ParseVar.cpp; path = src/ParseVar.cpp; sourceTree = SOURCE_ROOT; };
		36A4299115977ACE002CADF1 /* ParseTypeExpr.cpp */ = {isa = PBXFileReference; fileEncoding = 4; lastKnownFileType = sourcecode.cpp.cpp; name = ParseTypeExpr.cpp; path = src/ParseTypeExpr.cpp; sourceTree = SOURCE_ROOT; };
		36A4299415977BA6002CADF1 /* ParseExpression.cpp */ = {isa = PBXFileReference; fileEncoding = 4; lastKnownFileType = sourcecode.cpp.cpp; name = ParseExpression.cpp; path = src/ParseExpression.cpp; sourceTree = SOURCE_ROOT; };
		36B1922E158CB6220018496F /* docs */ = {isa = PBXFileReference; lastKnownFileType = folder; path = docs; sourceTree = "<group>"; };
		36B1922F158CB6220018496F /* samples */ = {isa = PBXFileReference; lastKnownFileType = folder; path = samples; sourceTree = "<group>"; };
		36B19235158CB9FE0018496F /* test */ = {isa = PBXFileReference; explicitFileType = "compiled.mach-o.executable"; includeInIndex = 0; path = test; sourceTree = BUILT_PRODUCTS_DIR; };
		36B19238158CB9FE0018496F /* main.cpp */ = {isa = PBXFileReference; lastKnownFileType = sourcecode.cpp.cpp; path = main.cpp; sourceTree = "<group>"; };
		36D88661164420540027D995 /* llvm.xcconfig */ = {isa = PBXFileReference; fileEncoding = 4; lastKnownFileType = text.xcconfig; path = llvm.xcconfig; sourceTree = "<group>"; };
		36F0014A15894A5F00C9976F /* Ast.cpp */ = {isa = PBXFileReference; fileEncoding = 4; lastKnownFileType = sourcecode.cpp.cpp; name = Ast.cpp; path = src/Ast.cpp; sourceTree = SOURCE_ROOT; };
		36F0014B15894A5F00C9976F /* AstVisitor.cpp */ = {isa = PBXFileReference; fileEncoding = 4; lastKnownFileType = sourcecode.cpp.cpp; name = AstVisitor.cpp; path = src/AstVisitor.cpp; sourceTree = SOURCE_ROOT; };
		36F0014C15894A5F00C9976F /* Context.cpp */ = {isa = PBXFileReference; fileEncoding = 4; lastKnownFileType = sourcecode.cpp.cpp; name = Context.cpp; path = src/Context.cpp; sourceTree = SOURCE_ROOT; };
		36F0014D15894A5F00C9976F /* Driver.cpp */ = {isa = PBXFileReference; fileEncoding = 4; lastKnownFileType = sourcecode.cpp.cpp; name = Driver.cpp; path = src/Driver.cpp; sourceTree = SOURCE_ROOT; };
		36F0014E15894A5F00C9976F /* Emitter.cpp */ = {isa = PBXFileReference; fileEncoding = 4; lastKnownFileType = sourcecode.cpp.cpp; name = Emitter.cpp; path = src/Emitter.cpp; sourceTree = SOURCE_ROOT; };
		36F0014F15894A5F00C9976F /* IrBuilder.cpp */ = {isa = PBXFileReference; fileEncoding = 4; lastKnownFileType = sourcecode.cpp.cpp; name = IrBuilder.cpp; path = src/IrBuilder.cpp; sourceTree = SOURCE_ROOT; };
		36F0015015894A5F00C9976F /* Lexer.cpp */ = {isa = PBXFileReference; fileEncoding = 4; lastKnownFileType = sourcecode.cpp.cpp; name = Lexer.cpp; path = src/Lexer.cpp; sourceTree = SOURCE_ROOT; };
		36F0015115894A5F00C9976F /* main.cpp */ = {isa = PBXFileReference; fileEncoding = 4; lastKnownFileType = sourcecode.cpp.cpp; name = main.cpp; path = src/main.cpp; sourceTree = SOURCE_ROOT; };
		36F0015215894A5F00C9976F /* Parser.cpp */ = {isa = PBXFileReference; fileEncoding = 4; lastKnownFileType = sourcecode.cpp.cpp; name = Parser.cpp; path = src/Parser.cpp; sourceTree = SOURCE_ROOT; };
		36F0015315894A5F00C9976F /* Path.cpp */ = {isa = PBXFileReference; fileEncoding = 4; lastKnownFileType = sourcecode.cpp.cpp; name = Path.cpp; path = src/Path.cpp; sourceTree = SOURCE_ROOT; };
		36F0015415894A5F00C9976F /* PrinterVisitor.cpp */ = {isa = PBXFileReference; fileEncoding = 4; lastKnownFileType = sourcecode.cpp.cpp; name = PrinterVisitor.cpp; path = src/PrinterVisitor.cpp; sourceTree = SOURCE_ROOT; };
		36F0015515894A5F00C9976F /* RecursiveAstVisitor.cpp */ = {isa = PBXFileReference; fileEncoding = 4; lastKnownFileType = sourcecode.cpp.cpp; name = RecursiveAstVisitor.cpp; path = src/RecursiveAstVisitor.cpp; sourceTree = SOURCE_ROOT; };
		36F0015615894A5F00C9976F /* SemanticAnalyser.cpp */ = {isa = PBXFileReference; fileEncoding = 4; lastKnownFileType = sourcecode.cpp.cpp; name = SemanticAnalyser.cpp; path = src/SemanticAnalyser.cpp; sourceTree = SOURCE_ROOT; };
		36F0015715894A5F00C9976F /* Symbol.cpp */ = {isa = PBXFileReference; fileEncoding = 4; lastKnownFileType = sourcecode.cpp.cpp; name = Symbol.cpp; path = src/Symbol.cpp; sourceTree = SOURCE_ROOT; };
		36F0015815894A5F00C9976F /* SymbolTable.cpp */ = {isa = PBXFileReference; fileEncoding = 4; lastKnownFileType = sourcecode.cpp.cpp; name = SymbolTable.cpp; path = src/SymbolTable.cpp; sourceTree = SOURCE_ROOT; };
		36F0015915894A5F00C9976F /* Token.cpp */ = {isa = PBXFileReference; fileEncoding = 4; lastKnownFileType = sourcecode.cpp.cpp; name = Token.cpp; path = src/Token.cpp; sourceTree = SOURCE_ROOT; };
		36F0015A15894A5F00C9976F /* Type.cpp */ = {isa = PBXFileReference; fileEncoding = 4; lastKnownFileType = sourcecode.cpp.cpp; name = Type.cpp; path = src/Type.cpp; sourceTree = SOURCE_ROOT; };
		36F0015B15894A5F00C9976F /* pch.hpp */ = {isa = PBXFileReference; fileEncoding = 4; lastKnownFileType = sourcecode.cpp.h; name = pch.hpp; path = src/pch.hpp; sourceTree = SOURCE_ROOT; };
		36F0015C15894A5F00C9976F /* Ast.def.h */ = {isa = PBXFileReference; fileEncoding = 4; lastKnownFileType = sourcecode.c.h; name = Ast.def.h; path = src/Ast.def.h; sourceTree = SOURCE_ROOT; };
		36F0015D15894A5F00C9976F /* Ast.h */ = {isa = PBXFileReference; fileEncoding = 4; lastKnownFileType = sourcecode.c.h; name = Ast.h; path = src/Ast.h; sourceTree = SOURCE_ROOT; };
		36F0015E15894A5F00C9976F /* AstVisitor.h */ = {isa = PBXFileReference; fileEncoding = 4; lastKnownFileType = sourcecode.c.h; name = AstVisitor.h; path = src/AstVisitor.h; sourceTree = SOURCE_ROOT; };
		36F0015F15894A5F00C9976F /* Context.h */ = {isa = PBXFileReference; fileEncoding = 4; lastKnownFileType = sourcecode.c.h; name = Context.h; path = src/Context.h; sourceTree = SOURCE_ROOT; };
		36F0016015894A5F00C9976F /* Driver.h */ = {isa = PBXFileReference; fileEncoding = 4; lastKnownFileType = sourcecode.c.h; name = Driver.h; path = src/Driver.h; sourceTree = SOURCE_ROOT; };
		36F0016115894A5F00C9976F /* Emitter.h */ = {isa = PBXFileReference; fileEncoding = 4; lastKnownFileType = sourcecode.c.h; name = Emitter.h; path = src/Emitter.h; sourceTree = SOURCE_ROOT; };
		36F0016215894A5F00C9976F /* IrBuilder.h */ = {isa = PBXFileReference; fileEncoding = 4; lastKnownFileType = sourcecode.c.h; name = IrBuilder.h; path = src/IrBuilder.h; sourceTree = SOURCE_ROOT; };
		36F0016315894A5F00C9976F /* Lexer.h */ = {isa = PBXFileReference; fileEncoding = 4; lastKnownFileType = sourcecode.c.h; name = Lexer.h; path = src/Lexer.h; sourceTree = SOURCE_ROOT; };
		36F0016415894A5F00C9976F /* MemoryPool.h */ = {isa = PBXFileReference; fileEncoding = 4; lastKnownFileType = sourcecode.c.h; name = MemoryPool.h; path = src/MemoryPool.h; sourceTree = SOURCE_ROOT; };
		36F0016515894A5F00C9976F /* Parser.h */ = {isa = PBXFileReference; fileEncoding = 4; lastKnownFileType = sourcecode.c.h; name = Parser.h; path = src/Parser.h; sourceTree = SOURCE_ROOT; };
		36F0016615894A5F00C9976F /* Path.h */ = {isa = PBXFileReference; fileEncoding = 4; lastKnownFileType = sourcecode.c.h; name = Path.h; path = src/Path.h; sourceTree = SOURCE_ROOT; };
		36F0016715894A5F00C9976F /* PrinterVisitor.h */ = {isa = PBXFileReference; fileEncoding = 4; lastKnownFileType = sourcecode.c.h; name = PrinterVisitor.h; path = src/PrinterVisitor.h; sourceTree = SOURCE_ROOT; };
		36F0016815894A5F00C9976F /* RecursiveAstVisitor.h */ = {isa = PBXFileReference; fileEncoding = 4; lastKnownFileType = sourcecode.c.h; name = RecursiveAstVisitor.h; path = src/RecursiveAstVisitor.h; sourceTree = SOURCE_ROOT; };
		36F0016915894A5F00C9976F /* SemanticAnalyser.h */ = {isa = PBXFileReference; fileEncoding = 4; lastKnownFileType = sourcecode.c.h; name = SemanticAnalyser.h; path = src/SemanticAnalyser.h; sourceTree = SOURCE_ROOT; };
		36F0016A15894A5F00C9976F /* Symbol.h */ = {isa = PBXFileReference; fileEncoding = 4; lastKnownFileType = sourcecode.c.h; name = Symbol.h; path = src/Symbol.h; sourceTree = SOURCE_ROOT; };
		36F0016B15894A5F00C9976F /* SymbolTable.h */ = {isa = PBXFileReference; fileEncoding = 4; lastKnownFileType = sourcecode.c.h; name = SymbolTable.h; path = src/SymbolTable.h; sourceTree = SOURCE_ROOT; };
		36F0016C15894A5F00C9976F /* Token.def.h */ = {isa = PBXFileReference; fileEncoding = 4; lastKnownFileType = sourcecode.c.h; name = Token.def.h; path = src/Token.def.h; sourceTree = SOURCE_ROOT; };
		36F0016D15894A5F00C9976F /* Token.h */ = {isa = PBXFileReference; fileEncoding = 4; lastKnownFileType = sourcecode.c.h; name = Token.h; path = src/Token.h; sourceTree = SOURCE_ROOT; };
		36F0016E15894A5F00C9976F /* Type.def.h */ = {isa = PBXFileReference; fileEncoding = 4; lastKnownFileType = sourcecode.c.h; name = Type.def.h; path = src/Type.def.h; sourceTree = SOURCE_ROOT; };
		36F0016F15894A5F00C9976F /* Type.h */ = {isa = PBXFileReference; fileEncoding = 4; lastKnownFileType = sourcecode.c.h; name = Type.h; path = src/Type.h; sourceTree = SOURCE_ROOT; };
		36F0017015894A5F00C9976F /* Utils.h */ = {isa = PBXFileReference; fileEncoding = 4; lastKnownFileType = sourcecode.c.h; name = Utils.h; path = src/Utils.h; sourceTree = SOURCE_ROOT; };
		36F0017115894A5F00C9976F /* Version.h */ = {isa = PBXFileReference; fileEncoding = 4; lastKnownFileType = sourcecode.c.h; name = Version.h; path = src/Version.h; sourceTree = SOURCE_ROOT; };
/* End PBXFileReference section */

/* Begin PBXFrameworksBuildPhase section */
		361ACBCD1589448500E384BD /* Frameworks */ = {
			isa = PBXFrameworksBuildPhase;
			buildActionMask = 2147483647;
			files = (
			);
			runOnlyForDeploymentPostprocessing = 0;
		};
		36B19232158CB9FE0018496F /* Frameworks */ = {
			isa = PBXFrameworksBuildPhase;
			buildActionMask = 2147483647;
			files = (
				364A146C158CC26200122A9A /* libboost_unit_test_framework.dylib in Frameworks */,
			);
			runOnlyForDeploymentPostprocessing = 0;
		};
/* End PBXFrameworksBuildPhase section */

/* Begin PBXGroup section */
		361ACBC51589448500E384BD = {
			isa = PBXGroup;
			children = (
				36D88661164420540027D995 /* llvm.xcconfig */,
				36B1922E158CB6220018496F /* docs */,
				36B1922F158CB6220018496F /* samples */,
				361ACBD31589448500E384BD /* src */,
				36B19237158CB9FE0018496F /* test */,
				361ACBD11589448500E384BD /* Products */,
			);
			sourceTree = "<group>";
		};
		361ACBD11589448500E384BD /* Products */ = {
			isa = PBXGroup;
			children = (
				361ACBD01589448500E384BD /* lbc */,
				36B19235158CB9FE0018496F /* test */,
			);
			name = Products;
			sourceTree = "<group>";
		};
		361ACBD31589448500E384BD /* src */ = {
			isa = PBXGroup;
			children = (
				36F0015115894A5F00C9976F /* main.cpp */,
				36F0018D15894BA300C9976F /* Ast */,
				36F0018F15894BDA00C9976F /* Lexer */,
				36F0019015894C0800C9976F /* Parser */,
				36F0019115894C1D00C9976F /* Symbol */,
				36F0019415894C7400C9976F /* Semantic Analyses */,
				36F0019315894C6500C9976F /* Generator */,
				36F0019215894C4900C9976F /* Utils */,
			);
			name = src;
			path = LightBASIC;
			sourceTree = "<group>";
		};
		364A1470158CC86600122A9A /* Frameworks */ = {
			isa = PBXGroup;
			children = (
				364A146B158CC26200122A9A /* libboost_unit_test_framework.dylib */,
			);
			name = Frameworks;
			sourceTree = "<group>";
		};
		36B19237158CB9FE0018496F /* test */ = {
			isa = PBXGroup;
			children = (
				36B19238158CB9FE0018496F /* main.cpp */,
				364A146D158CC2B500122A9A /* TestLexer.cpp */,
				364A1470158CC86600122A9A /* Frameworks */,
			);
			path = test;
			sourceTree = "<group>";
		};
		36F0018D15894BA300C9976F /* Ast */ = {
			isa = PBXGroup;
			children = (
				36F0015C15894A5F00C9976F /* Ast.def.h */,
				36F0015D15894A5F00C9976F /* Ast.h */,
				36F0014A15894A5F00C9976F /* Ast.cpp */,
				36F0018E15894BA900C9976F /* Visitor */,
				36F0019515894CDF00C9976F /* Printer */,
			);
			name = Ast;
			sourceTree = "<group>";
		};
		36F0018E15894BA900C9976F /* Visitor */ = {
			isa = PBXGroup;
			children = (
				36F0014B15894A5F00C9976F /* AstVisitor.cpp */,
				36F0015E15894A5F00C9976F /* AstVisitor.h */,
				36F0015515894A5F00C9976F /* RecursiveAstVisitor.cpp */,
				36F0016815894A5F00C9976F /* RecursiveAstVisitor.h */,
			);
			name = Visitor;
			sourceTree = "<group>";
		};
		36F0018F15894BDA00C9976F /* Lexer */ = {
			isa = PBXGroup;
			children = (
				36F0016C15894A5F00C9976F /* Token.def.h */,
				36F0016D15894A5F00C9976F /* Token.h */,
				36F0015915894A5F00C9976F /* Token.cpp */,
				36F0016315894A5F00C9976F /* Lexer.h */,
				36F0015015894A5F00C9976F /* Lexer.cpp */,
			);
			name = Lexer;
			sourceTree = "<group>";
		};
		36F0019015894C0800C9976F /* Parser */ = {
			isa = PBXGroup;
			children = (
				365CA838159738D700021215 /* ParserShared.h */,
				36F0016515894A5F00C9976F /* Parser.h */,
				36F0015215894A5F00C9976F /* Parser.cpp */,
				365CA8351597386600021215 /* ParseDeclaration.cpp */,
				36A4298B159776C3002CADF1 /* ParseDim.cpp */,
				36A4298E159776E4002CADF1 /* ParseVar.cpp */,
				368A0646166FFFAB000D7CDF /* ParseDeclare.cpp */,
				36A4298415973F27002CADF1 /* ParseAttributes.cpp */,
				36A4298815974662002CADF1 /* ParseIdentifier.cpp */,
				36A4299115977ACE002CADF1 /* ParseTypeExpr.cpp */,
				36A4299415977BA6002CADF1 /* ParseExpression.cpp */,
			);
			name = Parser;
			sourceTree = "<group>";
		};
		36F0019115894C1D00C9976F /* Symbol */ = {
			isa = PBXGroup;
			children = (
				36F0015715894A5F00C9976F /* Symbol.cpp */,
				36F0016A15894A5F00C9976F /* Symbol.h */,
				36F0015815894A5F00C9976F /* SymbolTable.cpp */,
				36F0016B15894A5F00C9976F /* SymbolTable.h */,
			);
			name = Symbol;
			sourceTree = "<group>";
		};
		36F0019215894C4900C9976F /* Utils */ = {
			isa = PBXGroup;
			children = (
				36F0015B15894A5F00C9976F /* pch.hpp */,
				36F0016615894A5F00C9976F /* Path.h */,
				36F0015315894A5F00C9976F /* Path.cpp */,
				36F0017015894A5F00C9976F /* Utils.h */,
				36F0016415894A5F00C9976F /* MemoryPool.h */,
				36F0017115894A5F00C9976F /* Version.h */,
				365CA8211595FC0300021215 /* utils.cpp */,
			);
			name = Utils;
			sourceTree = "<group>";
		};
		36F0019315894C6500C9976F /* Generator */ = {
			isa = PBXGroup;
			children = (
				36F0015F15894A5F00C9976F /* Context.h */,
				36F0014C15894A5F00C9976F /* Context.cpp */,
				36F0016015894A5F00C9976F /* Driver.h */,
				36F0014D15894A5F00C9976F /* Driver.cpp */,
				36F0016115894A5F00C9976F /* Emitter.h */,
				36F0014E15894A5F00C9976F /* Emitter.cpp */,
			);
			name = Generator;
			sourceTree = "<group>";
		};
		36F0019415894C7400C9976F /* Semantic Analyses */ = {
			isa = PBXGroup;
			children = (
				36F0015615894A5F00C9976F /* SemanticAnalyser.cpp */,
				36F0016915894A5F00C9976F /* SemanticAnalyser.h */,
				36F0015A15894A5F00C9976F /* Type.cpp */,
				36F0016F15894A5F00C9976F /* Type.h */,
				36F0016E15894A5F00C9976F /* Type.def.h */,
				36F0014F15894A5F00C9976F /* IrBuilder.cpp */,
				36F0016215894A5F00C9976F /* IrBuilder.h */,
			);
			name = "Semantic Analyses";
			sourceTree = "<group>";
		};
		36F0019515894CDF00C9976F /* Printer */ = {
			isa = PBXGroup;
			children = (
				36F0015415894A5F00C9976F /* PrinterVisitor.cpp */,
				36F0016715894A5F00C9976F /* PrinterVisitor.h */,
			);
			name = Printer;
			sourceTree = "<group>";
		};
/* End PBXGroup section */

/* Begin PBXNativeTarget section */
		361ACBCF1589448500E384BD /* lbc */ = {
			isa = PBXNativeTarget;
			buildConfigurationList = 361ACBDA1589448500E384BD /* Build configuration list for PBXNativeTarget "lbc" */;
			buildPhases = (
				361ACBE11589452400E384BD /* ShellScript */,
				361ACBCC1589448500E384BD /* Sources */,
				361ACBCD1589448500E384BD /* Frameworks */,
				361ACBCE1589448500E384BD /* CopyFiles */,
				36F0018715894B0900C9976F /* ShellScript */,
			);
			buildRules = (
			);
			dependencies = (
			);
			name = lbc;
			productName = LightBASIC;
			productReference = 361ACBD01589448500E384BD /* lbc */;
			productType = "com.apple.product-type.tool";
		};
		36B19234158CB9FE0018496F /* test */ = {
			isa = PBXNativeTarget;
			buildConfigurationList = 36B1923C158CB9FE0018496F /* Build configuration list for PBXNativeTarget "test" */;
			buildPhases = (
				36B19231158CB9FE0018496F /* Sources */,
				36B19232158CB9FE0018496F /* Frameworks */,
				36B19233158CB9FE0018496F /* CopyFiles */,
			);
			buildRules = (
			);
			dependencies = (
			);
			name = test;
			productName = test;
			productReference = 36B19235158CB9FE0018496F /* test */;
			productType = "com.apple.product-type.tool";
		};
/* End PBXNativeTarget section */

/* Begin PBXProject section */
		361ACBC71589448500E384BD /* Project object */ = {
			isa = PBXProject;
			attributes = {
				LastUpgradeCheck = 0450;
				ORGANIZATIONNAME = "LightBASIC development team";
			};
			buildConfigurationList = 361ACBCA1589448500E384BD /* Build configuration list for PBXProject "LightBASIC" */;
			compatibilityVersion = "Xcode 3.2";
			developmentRegion = English;
			hasScannedForEncodings = 0;
			knownRegions = (
				en,
			);
			mainGroup = 361ACBC51589448500E384BD;
			productRefGroup = 361ACBD11589448500E384BD /* Products */;
			projectDirPath = "";
			projectRoot = "";
			targets = (
				361ACBCF1589448500E384BD /* lbc */,
				36B19234158CB9FE0018496F /* test */,
			);
		};
/* End PBXProject section */

/* Begin PBXShellScriptBuildPhase section */
		361ACBE11589452400E384BD /* ShellScript */ = {
			isa = PBXShellScriptBuildPhase;
			buildActionMask = 2147483647;
			files = (
			);
			inputPaths = (
			);
			outputPaths = (
			);
			runOnlyForDeploymentPostprocessing = 0;
			shellPath = /bin/sh;
			shellScript = "# llvm libraries\nLLVM_LIBS=\"core bitwriter\"\n# c flags\nLLVM_CFLAGS=`/usr/local/bin/llvm-config --cflags`\n# ld flags\nLLVM_LDFLAGS=`/usr/local/bin/llvm-config --ldflags`\" \"`/usr/local/bin/llvm-config --libs $LLVM_LIBS`\n\n# Generate the xcode config file\nLLVM_XCCONFIG=\"llvm.xcconfig\"\necho \"// Configuration file for LLVM settings, generated as a build phase.\" > $LLVM_XCCONFIG\necho \"LLVM_CFLAGS = $LLVM_CFLAGS\" >> $LLVM_XCCONFIG\necho \"LLVM_LDFLAGS = $LLVM_LDFLAGS\" >> $LLVM_XCCONFIG";
		};
		36F0018715894B0900C9976F /* ShellScript */ = {
			isa = PBXShellScriptBuildPhase;
			buildActionMask = 2147483647;
			files = (
			);
			inputPaths = (
			);
			outputPaths = (
			);
			runOnlyForDeploymentPostprocessing = 0;
			shellPath = /bin/sh;
			shellScript = "cp -R $SRCROOT/samples $BUILT_PRODUCTS_DIR/\n";
		};
/* End PBXShellScriptBuildPhase section */

/* Begin PBXSourcesBuildPhase section */
		361ACBCC1589448500E384BD /* Sources */ = {
			isa = PBXSourcesBuildPhase;
			buildActionMask = 2147483647;
			files = (
				36F0017215894A5F00C9976F /* Ast.cpp in Sources */,
				36F0017315894A5F00C9976F /* AstVisitor.cpp in Sources */,
				36F0017415894A5F00C9976F /* Context.cpp in Sources */,
				36F0017515894A5F00C9976F /* Driver.cpp in Sources */,
				36F0017615894A5F00C9976F /* Emitter.cpp in Sources */,
				36F0017715894A5F00C9976F /* IrBuilder.cpp in Sources */,
				36F0017815894A5F00C9976F /* Lexer.cpp in Sources */,
				36F0017915894A5F00C9976F /* main.cpp in Sources */,
				36F0017A15894A5F00C9976F /* Parser.cpp in Sources */,
				36F0017B15894A5F00C9976F /* Path.cpp in Sources */,
				36F0017C15894A5F00C9976F /* PrinterVisitor.cpp in Sources */,
				36F0017D15894A5F00C9976F /* RecursiveAstVisitor.cpp in Sources */,
				36F0017E15894A5F00C9976F /* SemanticAnalyser.cpp in Sources */,
				36F0017F15894A5F00C9976F /* Symbol.cpp in Sources */,
				36F0018015894A5F00C9976F /* SymbolTable.cpp in Sources */,
				36F0018115894A5F00C9976F /* Token.cpp in Sources */,
				36F0018215894A5F00C9976F /* Type.cpp in Sources */,
				365CA8221595FC0300021215 /* utils.cpp in Sources */,
				365CA8361597386600021215 /* ParseDeclaration.cpp in Sources */,
				36A4298515973F27002CADF1 /* ParseAttributes.cpp in Sources */,
				36A4298915974662002CADF1 /* ParseIdentifier.cpp in Sources */,
				36A4298C159776C3002CADF1 /* ParseDim.cpp in Sources */,
				36A4298F159776E4002CADF1 /* ParseVar.cpp in Sources */,
				36A4299215977ACE002CADF1 /* ParseTypeExpr.cpp in Sources */,
				36A4299515977BA6002CADF1 /* ParseExpression.cpp in Sources */,
				368A0647166FFFAB000D7CDF /* ParseDeclare.cpp in Sources */,
			);
			runOnlyForDeploymentPostprocessing = 0;
		};
		36B19231158CB9FE0018496F /* Sources */ = {
			isa = PBXSourcesBuildPhase;
			buildActionMask = 2147483647;
			files = (
				36B1924F158CBA4E0018496F /* main.cpp in Sources */,
				36B1923F158CBA470018496F /* Ast.cpp in Sources */,
				36B19240158CBA470018496F /* AstVisitor.cpp in Sources */,
				36B19241158CBA470018496F /* RecursiveAstVisitor.cpp in Sources */,
				36B19242158CBA470018496F /* PrinterVisitor.cpp in Sources */,
				36B19243158CBA470018496F /* Token.cpp in Sources */,
				36B19244158CBA470018496F /* Lexer.cpp in Sources */,
				36B19245158CBA470018496F /* Parser.cpp in Sources */,
				36B19246158CBA470018496F /* Symbol.cpp in Sources */,
				36B19247158CBA470018496F /* SymbolTable.cpp in Sources */,
				36B19248158CBA470018496F /* SemanticAnalyser.cpp in Sources */,
				36B19249158CBA470018496F /* Type.cpp in Sources */,
				36B1924A158CBA470018496F /* IrBuilder.cpp in Sources */,
				36B1924B158CBA470018496F /* Context.cpp in Sources */,
				36B1924C158CBA470018496F /* Driver.cpp in Sources */,
				36B1924D158CBA470018496F /* Emitter.cpp in Sources */,
				36B1924E158CBA470018496F /* Path.cpp in Sources */,
				364A146F158CC2B500122A9A /* TestLexer.cpp in Sources */,
				365CA8231595FC0300021215 /* utils.cpp in Sources */,
				365CA8371597386600021215 /* ParseDeclaration.cpp in Sources */,
				36A4298615973F27002CADF1 /* ParseAttributes.cpp in Sources */,
				36A4298A15974662002CADF1 /* ParseIdentifier.cpp in Sources */,
				36A4298D159776C3002CADF1 /* ParseDim.cpp in Sources */,
				36A42990159776E4002CADF1 /* ParseVar.cpp in Sources */,
				36A4299315977ACE002CADF1 /* ParseTypeExpr.cpp in Sources */,
				36A4299615977BA6002CADF1 /* ParseExpression.cpp in Sources */,
			);
			runOnlyForDeploymentPostprocessing = 0;
		};
/* End PBXSourcesBuildPhase section */

/* Begin XCBuildConfiguration section */
		361ACBD81589448500E384BD /* Debug */ = {
			isa = XCBuildConfiguration;
			baseConfigurationReference = 36D88661164420540027D995 /* llvm.xcconfig */;
			buildSettings = {
				ALWAYS_SEARCH_USER_PATHS = NO;
				ARCHS = "$(ARCHS_STANDARD_64_BIT)";
				CLANG_CXX_LANGUAGE_STANDARD = "gnu++0x";
				CLANG_CXX_LIBRARY = "libc++";
				CLANG_WARN__DUPLICATE_METHOD_MATCH = YES;
				COPY_PHASE_STRIP = NO;
				GCC_C_LANGUAGE_STANDARD = gnu99;
				GCC_DYNAMIC_NO_PIC = NO;
				GCC_ENABLE_OBJC_EXCEPTIONS = YES;
				GCC_OPTIMIZATION_LEVEL = 0;
				GCC_PRECOMPILE_PREFIX_HEADER = YES;
				GCC_PREFIX_HEADER = src/pch.hpp;
				GCC_PREPROCESSOR_DEFINITIONS = (
					"DEBUG=1",
					"$(inherited)",
				);
				GCC_SYMBOLS_PRIVATE_EXTERN = NO;
				GCC_WARN_64_TO_32_BIT_CONVERSION = YES;
				GCC_WARN_ABOUT_RETURN_TYPE = YES;
				GCC_WARN_UNINITIALIZED_AUTOS = YES;
				GCC_WARN_UNUSED_VARIABLE = YES;
				LIBRARY_SEARCH_PATHS = "/usr/local/lib/**";
				MACOSX_DEPLOYMENT_TARGET = 10.7;
				ONLY_ACTIVE_ARCH = YES;
				OTHER_CFLAGS = "$(LLVM_CFLAGS)";
				OTHER_LDFLAGS = "$(LLVM_LDFLAGS)";
				SDKROOT = macosx;
			};
			name = Debug;
		};
		361ACBD91589448500E384BD /* Release */ = {
			isa = XCBuildConfiguration;
			baseConfigurationReference = 36D88661164420540027D995 /* llvm.xcconfig */;
			buildSettings = {
				ALWAYS_SEARCH_USER_PATHS = NO;
				ARCHS = "$(ARCHS_STANDARD_64_BIT)";
				CLANG_CXX_LANGUAGE_STANDARD = "gnu++0x";
				CLANG_CXX_LIBRARY = "libc++";
				CLANG_WARN__DUPLICATE_METHOD_MATCH = YES;
				COPY_PHASE_STRIP = YES;
				DEBUG_INFORMATION_FORMAT = "dwarf-with-dsym";
				GCC_C_LANGUAGE_STANDARD = gnu99;
				GCC_ENABLE_OBJC_EXCEPTIONS = YES;
				GCC_PRECOMPILE_PREFIX_HEADER = YES;
				GCC_PREFIX_HEADER = src/pch.hpp;
				GCC_WARN_64_TO_32_BIT_CONVERSION = YES;
				GCC_WARN_ABOUT_RETURN_TYPE = YES;
				GCC_WARN_UNINITIALIZED_AUTOS = YES;
				GCC_WARN_UNUSED_VARIABLE = YES;
				LIBRARY_SEARCH_PATHS = "/usr/local/lib/**";
				MACOSX_DEPLOYMENT_TARGET = 10.7;
				OTHER_CFLAGS = "$(LLVM_CFLAGS)";
				OTHER_LDFLAGS = "$(LLVM_LDFLAGS)";
				SDKROOT = macosx;
			};
			name = Release;
		};
		361ACBDB1589448500E384BD /* Debug */ = {
			isa = XCBuildConfiguration;
			buildSettings = {
				PRODUCT_NAME = "$(TARGET_NAME)";
			};
			name = Debug;
		};
		361ACBDC1589448500E384BD /* Release */ = {
			isa = XCBuildConfiguration;
			buildSettings = {
				PRODUCT_NAME = "$(TARGET_NAME)";
			};
			name = Release;
		};
		36B1923D158CB9FE0018496F /* Debug */ = {
			isa = XCBuildConfiguration;
			buildSettings = {
				PRODUCT_NAME = "$(TARGET_NAME)";
			};
			name = Debug;
		};
		36B1923E158CB9FE0018496F /* Release */ = {
			isa = XCBuildConfiguration;
			buildSettings = {
				PRODUCT_NAME = "$(TARGET_NAME)";
			};
			name = Release;
		};
/* End XCBuildConfiguration section */

/* Begin XCConfigurationList section */
		361ACBCA1589448500E384BD /* Build configuration list for PBXProject "LightBASIC" */ = {
			isa = XCConfigurationList;
			buildConfigurations = (
				361ACBD81589448500E384BD /* Debug */,
				361ACBD91589448500E384BD /* Release */,
			);
			defaultConfigurationIsVisible = 0;
			defaultConfigurationName = Release;
		};
		361ACBDA1589448500E384BD /* Build configuration list for PBXNativeTarget "lbc" */ = {
			isa = XCConfigurationList;
			buildConfigurations = (
				361ACBDB1589448500E384BD /* Debug */,
				361ACBDC1589448500E384BD /* Release */,
			);
			defaultConfigurationIsVisible = 0;
			defaultConfigurationName = Release;
		};
		36B1923C158CB9FE0018496F /* Build configuration list for PBXNativeTarget "test" */ = {
			isa = XCConfigurationList;
			buildConfigurations = (
				36B1923D158CB9FE0018496F /* Debug */,
				36B1923E158CB9FE0018496F /* Release */,
			);
			defaultConfigurationIsVisible = 0;
			defaultConfigurationName = Release;
		};
/* End XCConfigurationList section */
	};
	rootObject = 361ACBC71589448500E384BD /* Project object */;
}
