// !$*UTF8*$!
{
	archiveVersion = 1;
	classes = {
	};
	objectVersion = 54;
	objects = {

/* Begin PBXBuildFile section */
		506FBF3B2638E1C300063AC6 /* Lexer.cpp in Sources */ = {isa = PBXBuildFile; fileRef = 506FBF042638E1C300063AC6 /* Lexer.cpp */; };
		506FBF3C2638E1C300063AC6 /* Token.cpp in Sources */ = {isa = PBXBuildFile; fileRef = 506FBF082638E1C300063AC6 /* Token.cpp */; };
		506FBF3D2638E1C300063AC6 /* Context.cpp in Sources */ = {isa = PBXBuildFile; fileRef = 506FBF0B2638E1C300063AC6 /* Context.cpp */; };
		506FBF3E2638E1C300063AC6 /* TempFileCache.cpp in Sources */ = {isa = PBXBuildFile; fileRef = 506FBF0F2638E1C300063AC6 /* TempFileCache.cpp */; };
		506FBF3F2638E1C300063AC6 /* CmdLineParser.cpp in Sources */ = {isa = PBXBuildFile; fileRef = 506FBF112638E1C300063AC6 /* CmdLineParser.cpp */; };
		506FBF402638E1C300063AC6 /* Driver.cpp in Sources */ = {isa = PBXBuildFile; fileRef = 506FBF122638E1C300063AC6 /* Driver.cpp */; };
		506FBF412638E1C300063AC6 /* ToolTask.cpp in Sources */ = {isa = PBXBuildFile; fileRef = 506FBF152638E1C300063AC6 /* ToolTask.cpp */; };
		506FBF442638E1C300063AC6 /* Toolchain.cpp in Sources */ = {isa = PBXBuildFile; fileRef = 506FBF192638E1C300063AC6 /* Toolchain.cpp */; };
		506FBF452638E1C300063AC6 /* SemanticAnalyzer.cpp in Sources */ = {isa = PBXBuildFile; fileRef = 506FBF1C2638E1C300063AC6 /* SemanticAnalyzer.cpp */; };
		506FBF462638E1C300063AC6 /* Utils.cpp in Sources */ = {isa = PBXBuildFile; fileRef = 506FBF1F2638E1C300063AC6 /* Utils.cpp */; };
		506FBF472638E1C300063AC6 /* Symbol.cpp in Sources */ = {isa = PBXBuildFile; fileRef = 506FBF222638E1C300063AC6 /* Symbol.cpp */; };
		506FBF482638E1C300063AC6 /* SymbolTable.cpp in Sources */ = {isa = PBXBuildFile; fileRef = 506FBF252638E1C300063AC6 /* SymbolTable.cpp */; };
		506FBF492638E1C300063AC6 /* CodeGen.cpp in Sources */ = {isa = PBXBuildFile; fileRef = 506FBF282638E1C300063AC6 /* CodeGen.cpp */; };
		506FBF4A2638E1C300063AC6 /* Parser.cpp in Sources */ = {isa = PBXBuildFile; fileRef = 506FBF2B2638E1C300063AC6 /* Parser.cpp */; };
		506FBF4B2638E1C300063AC6 /* Type.cpp in Sources */ = {isa = PBXBuildFile; fileRef = 506FBF2F2638E1C300063AC6 /* Type.cpp */; };
		506FBF4C2638E1C300063AC6 /* Ast.cpp in Sources */ = {isa = PBXBuildFile; fileRef = 506FBF322638E1C300063AC6 /* Ast.cpp */; };
		506FBF4D2638E1C300063AC6 /* AstVisitor.cpp in Sources */ = {isa = PBXBuildFile; fileRef = 506FBF342638E1C300063AC6 /* AstVisitor.cpp */; };
		506FBF4E2638E1C300063AC6 /* CodePrinter.cpp in Sources */ = {isa = PBXBuildFile; fileRef = 506FBF352638E1C300063AC6 /* CodePrinter.cpp */; };
		506FBF4F2638E1C300063AC6 /* AstPrinter.cpp in Sources */ = {isa = PBXBuildFile; fileRef = 506FBF392638E1C300063AC6 /* AstPrinter.cpp */; };
		506FBF502638E1C300063AC6 /* main.cpp in Sources */ = {isa = PBXBuildFile; fileRef = 506FBF3A2638E1C300063AC6 /* main.cpp */; };
/* End PBXBuildFile section */

/* Begin PBXCopyFilesBuildPhase section */
		50D7A249262E002B0047D48E /* CopyFiles */ = {
			isa = PBXCopyFilesBuildPhase;
			buildActionMask = 2147483647;
			dstPath = /usr/share/man/man1/;
			dstSubfolderSpec = 0;
			files = (
			);
			runOnlyForDeploymentPostprocessing = 1;
		};
/* End PBXCopyFilesBuildPhase section */

/* Begin PBXFileReference section */
		506FBF012638E1C300063AC6 /* pch.h */ = {isa = PBXFileReference; fileEncoding = 4; lastKnownFileType = sourcecode.c.h; path = pch.h; sourceTree = "<group>"; };
		506FBF042638E1C300063AC6 /* Lexer.cpp */ = {isa = PBXFileReference; fileEncoding = 4; lastKnownFileType = sourcecode.cpp.cpp; path = Lexer.cpp; sourceTree = "<group>"; };
		506FBF052638E1C300063AC6 /* Token.def.h */ = {isa = PBXFileReference; fileEncoding = 4; lastKnownFileType = sourcecode.c.h; path = Token.def.h; sourceTree = "<group>"; };
		506FBF062638E1C300063AC6 /* Lexer.h */ = {isa = PBXFileReference; fileEncoding = 4; lastKnownFileType = sourcecode.c.h; path = Lexer.h; sourceTree = "<group>"; };
		506FBF072638E1C300063AC6 /* Token.h */ = {isa = PBXFileReference; fileEncoding = 4; lastKnownFileType = sourcecode.c.h; path = Token.h; sourceTree = "<group>"; };
		506FBF082638E1C300063AC6 /* Token.cpp */ = {isa = PBXFileReference; fileEncoding = 4; lastKnownFileType = sourcecode.cpp.cpp; path = Token.cpp; sourceTree = "<group>"; };
		506FBF0A2638E1C300063AC6 /* CmdLineParser.h */ = {isa = PBXFileReference; fileEncoding = 4; lastKnownFileType = sourcecode.c.h; path = CmdLineParser.h; sourceTree = "<group>"; };
		506FBF0B2638E1C300063AC6 /* Context.cpp */ = {isa = PBXFileReference; fileEncoding = 4; lastKnownFileType = sourcecode.cpp.cpp; path = Context.cpp; sourceTree = "<group>"; };
		506FBF0C2638E1C300063AC6 /* Context.h */ = {isa = PBXFileReference; fileEncoding = 4; lastKnownFileType = sourcecode.c.h; path = Context.h; sourceTree = "<group>"; };
		506FBF0D2638E1C300063AC6 /* Driver.h */ = {isa = PBXFileReference; fileEncoding = 4; lastKnownFileType = sourcecode.c.h; path = Driver.h; sourceTree = "<group>"; };
		506FBF0E2638E1C300063AC6 /* TempFileCache.h */ = {isa = PBXFileReference; fileEncoding = 4; lastKnownFileType = sourcecode.c.h; path = TempFileCache.h; sourceTree = "<group>"; };
		506FBF0F2638E1C300063AC6 /* TempFileCache.cpp */ = {isa = PBXFileReference; fileEncoding = 4; lastKnownFileType = sourcecode.cpp.cpp; path = TempFileCache.cpp; sourceTree = "<group>"; };
		506FBF102638E1C300063AC6 /* README.md */ = {isa = PBXFileReference; fileEncoding = 4; lastKnownFileType = net.daringfireball.markdown; path = README.md; sourceTree = "<group>"; };
		506FBF112638E1C300063AC6 /* CmdLineParser.cpp */ = {isa = PBXFileReference; fileEncoding = 4; lastKnownFileType = sourcecode.cpp.cpp; path = CmdLineParser.cpp; sourceTree = "<group>"; };
		506FBF122638E1C300063AC6 /* Driver.cpp */ = {isa = PBXFileReference; fileEncoding = 4; lastKnownFileType = sourcecode.cpp.cpp; path = Driver.cpp; sourceTree = "<group>"; };
		506FBF142638E1C300063AC6 /* ToolTask.h */ = {isa = PBXFileReference; fileEncoding = 4; lastKnownFileType = sourcecode.c.h; path = ToolTask.h; sourceTree = "<group>"; };
		506FBF152638E1C300063AC6 /* ToolTask.cpp */ = {isa = PBXFileReference; fileEncoding = 4; lastKnownFileType = sourcecode.cpp.cpp; path = ToolTask.cpp; sourceTree = "<group>"; };
		506FBF162638E1C300063AC6 /* Toolchain.unix.cpp */ = {isa = PBXFileReference; fileEncoding = 4; lastKnownFileType = sourcecode.cpp.cpp; path = Toolchain.unix.cpp; sourceTree = "<group>"; };
		506FBF172638E1C300063AC6 /* Toolchain.windows.cpp */ = {isa = PBXFileReference; fileEncoding = 4; lastKnownFileType = sourcecode.cpp.cpp; path = Toolchain.windows.cpp; sourceTree = "<group>"; };
		506FBF182638E1C300063AC6 /* Toolchain.h */ = {isa = PBXFileReference; fileEncoding = 4; lastKnownFileType = sourcecode.c.h; path = Toolchain.h; sourceTree = "<group>"; };
		506FBF192638E1C300063AC6 /* Toolchain.cpp */ = {isa = PBXFileReference; fileEncoding = 4; lastKnownFileType = sourcecode.cpp.cpp; path = Toolchain.cpp; sourceTree = "<group>"; };
		506FBF1B2638E1C300063AC6 /* SemanticAnalyzer.h */ = {isa = PBXFileReference; fileEncoding = 4; lastKnownFileType = sourcecode.c.h; path = SemanticAnalyzer.h; sourceTree = "<group>"; };
		506FBF1C2638E1C300063AC6 /* SemanticAnalyzer.cpp */ = {isa = PBXFileReference; fileEncoding = 4; lastKnownFileType = sourcecode.cpp.cpp; path = SemanticAnalyzer.cpp; sourceTree = "<group>"; };
		506FBF1E2638E1C300063AC6 /* Utils.h */ = {isa = PBXFileReference; fileEncoding = 4; lastKnownFileType = sourcecode.c.h; path = Utils.h; sourceTree = "<group>"; };
		506FBF1F2638E1C300063AC6 /* Utils.cpp */ = {isa = PBXFileReference; fileEncoding = 4; lastKnownFileType = sourcecode.cpp.cpp; path = Utils.cpp; sourceTree = "<group>"; };
		506FBF202638E1C300063AC6 /* Version.h */ = {isa = PBXFileReference; fileEncoding = 4; lastKnownFileType = sourcecode.c.h; path = Version.h; sourceTree = "<group>"; };
		506FBF222638E1C300063AC6 /* Symbol.cpp */ = {isa = PBXFileReference; fileEncoding = 4; lastKnownFileType = sourcecode.cpp.cpp; path = Symbol.cpp; sourceTree = "<group>"; };
		506FBF232638E1C300063AC6 /* Symbol.h */ = {isa = PBXFileReference; fileEncoding = 4; lastKnownFileType = sourcecode.c.h; path = Symbol.h; sourceTree = "<group>"; };
		506FBF242638E1C300063AC6 /* SymbolTable.h */ = {isa = PBXFileReference; fileEncoding = 4; lastKnownFileType = sourcecode.c.h; path = SymbolTable.h; sourceTree = "<group>"; };
		506FBF252638E1C300063AC6 /* SymbolTable.cpp */ = {isa = PBXFileReference; fileEncoding = 4; lastKnownFileType = sourcecode.cpp.cpp; path = SymbolTable.cpp; sourceTree = "<group>"; };
		506FBF272638E1C300063AC6 /* CodeGen.h */ = {isa = PBXFileReference; fileEncoding = 4; lastKnownFileType = sourcecode.c.h; path = CodeGen.h; sourceTree = "<group>"; };
		506FBF282638E1C300063AC6 /* CodeGen.cpp */ = {isa = PBXFileReference; fileEncoding = 4; lastKnownFileType = sourcecode.cpp.cpp; path = CodeGen.cpp; sourceTree = "<group>"; };
		506FBF2A2638E1C300063AC6 /* Parser.h */ = {isa = PBXFileReference; fileEncoding = 4; lastKnownFileType = sourcecode.c.h; path = Parser.h; sourceTree = "<group>"; };
		506FBF2B2638E1C300063AC6 /* Parser.cpp */ = {isa = PBXFileReference; fileEncoding = 4; lastKnownFileType = sourcecode.cpp.cpp; path = Parser.cpp; sourceTree = "<group>"; };
		506FBF2D2638E1C300063AC6 /* Type.h */ = {isa = PBXFileReference; fileEncoding = 4; lastKnownFileType = sourcecode.c.h; path = Type.h; sourceTree = "<group>"; };
		506FBF2E2638E1C300063AC6 /* Type.def.h */ = {isa = PBXFileReference; fileEncoding = 4; lastKnownFileType = sourcecode.c.h; path = Type.def.h; sourceTree = "<group>"; };
		506FBF2F2638E1C300063AC6 /* Type.cpp */ = {isa = PBXFileReference; fileEncoding = 4; lastKnownFileType = sourcecode.cpp.cpp; path = Type.cpp; sourceTree = "<group>"; };
		506FBF312638E1C300063AC6 /* AstVisitor.h */ = {isa = PBXFileReference; fileEncoding = 4; lastKnownFileType = sourcecode.c.h; path = AstVisitor.h; sourceTree = "<group>"; };
		506FBF322638E1C300063AC6 /* Ast.cpp */ = {isa = PBXFileReference; fileEncoding = 4; lastKnownFileType = sourcecode.cpp.cpp; path = Ast.cpp; sourceTree = "<group>"; };
		506FBF332638E1C300063AC6 /* Ast.def.h */ = {isa = PBXFileReference; fileEncoding = 4; lastKnownFileType = sourcecode.c.h; path = Ast.def.h; sourceTree = "<group>"; };
		506FBF342638E1C300063AC6 /* AstVisitor.cpp */ = {isa = PBXFileReference; fileEncoding = 4; lastKnownFileType = sourcecode.cpp.cpp; path = AstVisitor.cpp; sourceTree = "<group>"; };
		506FBF352638E1C300063AC6 /* CodePrinter.cpp */ = {isa = PBXFileReference; fileEncoding = 4; lastKnownFileType = sourcecode.cpp.cpp; path = CodePrinter.cpp; sourceTree = "<group>"; };
		506FBF362638E1C300063AC6 /* CodePrinter.h */ = {isa = PBXFileReference; fileEncoding = 4; lastKnownFileType = sourcecode.c.h; path = CodePrinter.h; sourceTree = "<group>"; };
		506FBF372638E1C300063AC6 /* AstPrinter.h */ = {isa = PBXFileReference; fileEncoding = 4; lastKnownFileType = sourcecode.c.h; path = AstPrinter.h; sourceTree = "<group>"; };
		506FBF382638E1C300063AC6 /* Ast.h */ = {isa = PBXFileReference; fileEncoding = 4; lastKnownFileType = sourcecode.c.h; path = Ast.h; sourceTree = "<group>"; };
		506FBF392638E1C300063AC6 /* AstPrinter.cpp */ = {isa = PBXFileReference; fileEncoding = 4; lastKnownFileType = sourcecode.cpp.cpp; path = AstPrinter.cpp; sourceTree = "<group>"; };
		506FBF3A2638E1C300063AC6 /* main.cpp */ = {isa = PBXFileReference; fileEncoding = 4; lastKnownFileType = sourcecode.cpp.cpp; path = main.cpp; sourceTree = "<group>"; };
		506FBF512638E1E200063AC6 /* llvm.xcconfig */ = {isa = PBXFileReference; fileEncoding = 4; lastKnownFileType = text.xcconfig; path = llvm.xcconfig; sourceTree = "<group>"; };
		50D7A24B262E002B0047D48E /* lbc */ = {isa = PBXFileReference; explicitFileType = "compiled.mach-o.executable"; includeInIndex = 0; path = lbc; sourceTree = BUILT_PRODUCTS_DIR; };
		50F2ACD2263CFF9F009ABAE3 /* Source.h */ = {isa = PBXFileReference; lastKnownFileType = sourcecode.c.h; path = Source.h; sourceTree = "<group>"; };
/* End PBXFileReference section */

/* Begin PBXFrameworksBuildPhase section */
		50D7A248262E002B0047D48E /* Frameworks */ = {
			isa = PBXFrameworksBuildPhase;
			buildActionMask = 2147483647;
			files = (
			);
			runOnlyForDeploymentPostprocessing = 0;
		};
/* End PBXFrameworksBuildPhase section */

/* Begin PBXGroup section */
		506FBF002638E1C300063AC6 /* src */ = {
			isa = PBXGroup;
			children = (
				506FBF302638E1C300063AC6 /* Ast */,
				506FBF092638E1C300063AC6 /* Driver */,
				506FBF262638E1C300063AC6 /* Gen */,
				506FBF032638E1C300063AC6 /* Lexer */,
				506FBF292638E1C300063AC6 /* Parser */,
				506FBF1A2638E1C300063AC6 /* Sem */,
				506FBF212638E1C300063AC6 /* Symbol */,
				506FBF2C2638E1C300063AC6 /* Type */,
				506FBF1D2638E1C300063AC6 /* Utils */,
				506FBF3A2638E1C300063AC6 /* main.cpp */,
				506FBF012638E1C300063AC6 /* pch.h */,
			);
			path = src;
			sourceTree = "<group>";
		};
		506FBF032638E1C300063AC6 /* Lexer */ = {
			isa = PBXGroup;
			children = (
				506FBF042638E1C300063AC6 /* Lexer.cpp */,
				506FBF062638E1C300063AC6 /* Lexer.h */,
				506FBF082638E1C300063AC6 /* Token.cpp */,
				506FBF052638E1C300063AC6 /* Token.def.h */,
				506FBF072638E1C300063AC6 /* Token.h */,
			);
			path = Lexer;
			sourceTree = "<group>";
		};
		506FBF092638E1C300063AC6 /* Driver */ = {
			isa = PBXGroup;
			children = (
				506FBF132638E1C300063AC6 /* Toolchain */,
				506FBF112638E1C300063AC6 /* CmdLineParser.cpp */,
				506FBF0A2638E1C300063AC6 /* CmdLineParser.h */,
				506FBF0B2638E1C300063AC6 /* Context.cpp */,
				506FBF0C2638E1C300063AC6 /* Context.h */,
				506FBF122638E1C300063AC6 /* Driver.cpp */,
				506FBF0D2638E1C300063AC6 /* Driver.h */,
				506FBF102638E1C300063AC6 /* README.md */,
				50F2ACD2263CFF9F009ABAE3 /* Source.h */,
				506FBF0F2638E1C300063AC6 /* TempFileCache.cpp */,
				506FBF0E2638E1C300063AC6 /* TempFileCache.h */,
			);
			path = Driver;
			sourceTree = "<group>";
		};
		506FBF132638E1C300063AC6 /* Toolchain */ = {
			isa = PBXGroup;
			children = (
				506FBF192638E1C300063AC6 /* Toolchain.cpp */,
				506FBF182638E1C300063AC6 /* Toolchain.h */,
				506FBF162638E1C300063AC6 /* Toolchain.unix.cpp */,
				506FBF172638E1C300063AC6 /* Toolchain.windows.cpp */,
				506FBF152638E1C300063AC6 /* ToolTask.cpp */,
				506FBF142638E1C300063AC6 /* ToolTask.h */,
			);
			path = Toolchain;
			sourceTree = "<group>";
		};
		506FBF1A2638E1C300063AC6 /* Sem */ = {
			isa = PBXGroup;
			children = (
				506FBF1C2638E1C300063AC6 /* SemanticAnalyzer.cpp */,
				506FBF1B2638E1C300063AC6 /* SemanticAnalyzer.h */,
			);
			path = Sem;
			sourceTree = "<group>";
		};
		506FBF1D2638E1C300063AC6 /* Utils */ = {
			isa = PBXGroup;
			children = (
				506FBF1F2638E1C300063AC6 /* Utils.cpp */,
				506FBF1E2638E1C300063AC6 /* Utils.h */,
				506FBF202638E1C300063AC6 /* Version.h */,
			);
			path = Utils;
			sourceTree = "<group>";
		};
		506FBF212638E1C300063AC6 /* Symbol */ = {
			isa = PBXGroup;
			children = (
				506FBF222638E1C300063AC6 /* Symbol.cpp */,
				506FBF232638E1C300063AC6 /* Symbol.h */,
				506FBF252638E1C300063AC6 /* SymbolTable.cpp */,
				506FBF242638E1C300063AC6 /* SymbolTable.h */,
			);
			path = Symbol;
			sourceTree = "<group>";
		};
		506FBF262638E1C300063AC6 /* Gen */ = {
			isa = PBXGroup;
			children = (
				506FBF282638E1C300063AC6 /* CodeGen.cpp */,
				506FBF272638E1C300063AC6 /* CodeGen.h */,
			);
			path = Gen;
			sourceTree = "<group>";
		};
		506FBF292638E1C300063AC6 /* Parser */ = {
			isa = PBXGroup;
			children = (
				506FBF2B2638E1C300063AC6 /* Parser.cpp */,
				506FBF2A2638E1C300063AC6 /* Parser.h */,
			);
			path = Parser;
			sourceTree = "<group>";
		};
		506FBF2C2638E1C300063AC6 /* Type */ = {
			isa = PBXGroup;
			children = (
				506FBF2F2638E1C300063AC6 /* Type.cpp */,
				506FBF2E2638E1C300063AC6 /* Type.def.h */,
				506FBF2D2638E1C300063AC6 /* Type.h */,
			);
			path = Type;
			sourceTree = "<group>";
		};
		506FBF302638E1C300063AC6 /* Ast */ = {
			isa = PBXGroup;
			children = (
				506FBF322638E1C300063AC6 /* Ast.cpp */,
				506FBF332638E1C300063AC6 /* Ast.def.h */,
				506FBF382638E1C300063AC6 /* Ast.h */,
				506FBF392638E1C300063AC6 /* AstPrinter.cpp */,
				506FBF372638E1C300063AC6 /* AstPrinter.h */,
				506FBF342638E1C300063AC6 /* AstVisitor.cpp */,
				506FBF312638E1C300063AC6 /* AstVisitor.h */,
				506FBF352638E1C300063AC6 /* CodePrinter.cpp */,
				506FBF362638E1C300063AC6 /* CodePrinter.h */,
			);
			path = Ast;
			sourceTree = "<group>";
		};
		50D7A242262E002B0047D48E = {
			isa = PBXGroup;
			children = (
				506FBF512638E1E200063AC6 /* llvm.xcconfig */,
				506FBF002638E1C300063AC6 /* src */,
				50D7A24C262E002B0047D48E /* Products */,
			);
			sourceTree = "<group>";
		};
		50D7A24C262E002B0047D48E /* Products */ = {
			isa = PBXGroup;
			children = (
				50D7A24B262E002B0047D48E /* lbc */,
			);
			name = Products;
			sourceTree = "<group>";
		};
/* End PBXGroup section */

/* Begin PBXNativeTarget section */
		50D7A24A262E002B0047D48E /* lbc */ = {
			isa = PBXNativeTarget;
			buildConfigurationList = 50D7A252262E002B0047D48E /* Build configuration list for PBXNativeTarget "lbc" */;
			buildPhases = (
				50FE7AB6262E028300564218 /* ShellScript */,
				50D7A247262E002B0047D48E /* Sources */,
				50D7A248262E002B0047D48E /* Frameworks */,
				50D7A249262E002B0047D48E /* CopyFiles */,
			);
			buildRules = (
			);
			dependencies = (
			);
			name = lbc;
			productName = lbc;
			productReference = 50D7A24B262E002B0047D48E /* lbc */;
			productType = "com.apple.product-type.tool";
		};
/* End PBXNativeTarget section */

/* Begin PBXProject section */
		50D7A243262E002B0047D48E /* Project object */ = {
			isa = PBXProject;
			attributes = {
				LastUpgradeCheck = 1250;
				TargetAttributes = {
					50D7A24A262E002B0047D48E = {
						CreatedOnToolsVersion = 12.4;
					};
				};
			};
			buildConfigurationList = 50D7A246262E002B0047D48E /* Build configuration list for PBXProject "lbc" */;
			compatibilityVersion = "Xcode 9.3";
			developmentRegion = en;
			hasScannedForEncodings = 0;
			knownRegions = (
				en,
				Base,
			);
			mainGroup = 50D7A242262E002B0047D48E;
			productRefGroup = 50D7A24C262E002B0047D48E /* Products */;
			projectDirPath = "";
			projectRoot = "";
			targets = (
				50D7A24A262E002B0047D48E /* lbc */,
			);
		};
/* End PBXProject section */

/* Begin PBXShellScriptBuildPhase section */
		50FE7AB6262E028300564218 /* ShellScript */ = {
			isa = PBXShellScriptBuildPhase;
			alwaysOutOfDate = 1;
			buildActionMask = 2147483647;
			files = (
			);
			inputFileListPaths = (
			);
			inputPaths = (
			);
			outputFileListPaths = (
			);
			outputPaths = (
			);
			runOnlyForDeploymentPostprocessing = 0;
			shellPath = /bin/sh;
			shellScript = "# run llvm-config\nLIBS=\"core support bitwriter\"\nLLVM_CONFIG=\"/usr/local/bin/llvm-config\"\n\nLLVM_CXXFLAGS=`$LLVM_CONFIG --cxxflags`\nLLVM_CFLAGS=`$LLVM_CONFIG --cflags`\nLLVM_LDFLAGS=`$LLVM_CONFIG --ldflags`\nLLVM_LIBS=`$LLVM_CONFIG --libs $LIBS`\" \"`$LLVM_CONFIG --system-libs`\n\n# Generate the xcode config file\nLLVM_XCCONFIG=\"llvm.xcconfig\"\necho \"// Configuration file for LLVM settings. Auto generated during a build phase.\" > $LLVM_XCCONFIG\necho \"OTHER_CPLUSPLUSFLAGS = \\$(inherited) $LLVM_CXXFLAGS\" >> $LLVM_XCCONFIG\necho \"OTHER_LDFLAGS = \\$(inherited) $LLVM_LDFLAGS $LLVM_LIBS\" >> $LLVM_XCCONFIG\necho \"OTHER_CFLAGS = \\$(inherited) $LLVM_CFLAGS\" >> $LLVM_XCCONFIG\n";
			showEnvVarsInLog = 0;
		};
/* End PBXShellScriptBuildPhase section */

/* Begin PBXSourcesBuildPhase section */
		50D7A247262E002B0047D48E /* Sources */ = {
			isa = PBXSourcesBuildPhase;
			buildActionMask = 2147483647;
			files = (
				506FBF3E2638E1C300063AC6 /* TempFileCache.cpp in Sources */,
				506FBF442638E1C300063AC6 /* Toolchain.cpp in Sources */,
				506FBF3F2638E1C300063AC6 /* CmdLineParser.cpp in Sources */,
				506FBF3D2638E1C300063AC6 /* Context.cpp in Sources */,
				506FBF502638E1C300063AC6 /* main.cpp in Sources */,
				506FBF4F2638E1C300063AC6 /* AstPrinter.cpp in Sources */,
				506FBF482638E1C300063AC6 /* SymbolTable.cpp in Sources */,
				506FBF4C2638E1C300063AC6 /* Ast.cpp in Sources */,
				506FBF452638E1C300063AC6 /* SemanticAnalyzer.cpp in Sources */,
				506FBF412638E1C300063AC6 /* ToolTask.cpp in Sources */,
				506FBF4A2638E1C300063AC6 /* Parser.cpp in Sources */,
				506FBF462638E1C300063AC6 /* Utils.cpp in Sources */,
				506FBF4E2638E1C300063AC6 /* CodePrinter.cpp in Sources */,
				506FBF472638E1C300063AC6 /* Symbol.cpp in Sources */,
				506FBF4B2638E1C300063AC6 /* Type.cpp in Sources */,
				506FBF402638E1C300063AC6 /* Driver.cpp in Sources */,
				506FBF3B2638E1C300063AC6 /* Lexer.cpp in Sources */,
				506FBF4D2638E1C300063AC6 /* AstVisitor.cpp in Sources */,
				506FBF492638E1C300063AC6 /* CodeGen.cpp in Sources */,
				506FBF3C2638E1C300063AC6 /* Token.cpp in Sources */,
			);
			runOnlyForDeploymentPostprocessing = 0;
		};
/* End PBXSourcesBuildPhase section */

/* Begin XCBuildConfiguration section */
		50D7A250262E002B0047D48E /* Debug */ = {
			isa = XCBuildConfiguration;
			buildSettings = {
				ALWAYS_SEARCH_USER_PATHS = NO;
				CLANG_ANALYZER_NONNULL = YES;
				CLANG_ANALYZER_NUMBER_OBJECT_CONVERSION = YES_AGGRESSIVE;
				CLANG_CXX_LANGUAGE_STANDARD = "gnu++17";
				CLANG_CXX_LIBRARY = "libc++";
				CLANG_ENABLE_MODULES = YES;
				CLANG_ENABLE_OBJC_ARC = YES;
				CLANG_ENABLE_OBJC_WEAK = YES;
				CLANG_WARN_BLOCK_CAPTURE_AUTORELEASING = YES;
				CLANG_WARN_BOOL_CONVERSION = YES;
				CLANG_WARN_COMMA = YES;
				CLANG_WARN_CONSTANT_CONVERSION = YES;
				CLANG_WARN_DEPRECATED_OBJC_IMPLEMENTATIONS = YES;
				CLANG_WARN_DIRECT_OBJC_ISA_USAGE = YES_ERROR;
				CLANG_WARN_DOCUMENTATION_COMMENTS = YES;
				CLANG_WARN_EMPTY_BODY = YES;
				CLANG_WARN_ENUM_CONVERSION = YES;
				CLANG_WARN_INFINITE_RECURSION = YES;
				CLANG_WARN_INT_CONVERSION = YES;
				CLANG_WARN_NON_LITERAL_NULL_CONVERSION = YES;
				CLANG_WARN_OBJC_IMPLICIT_RETAIN_SELF = YES;
				CLANG_WARN_OBJC_LITERAL_CONVERSION = YES;
				CLANG_WARN_OBJC_ROOT_CLASS = YES_ERROR;
				CLANG_WARN_QUOTED_INCLUDE_IN_FRAMEWORK_HEADER = YES;
				CLANG_WARN_RANGE_LOOP_ANALYSIS = YES;
				CLANG_WARN_STRICT_PROTOTYPES = YES;
				CLANG_WARN_SUSPICIOUS_MOVE = YES;
				CLANG_WARN_UNGUARDED_AVAILABILITY = YES_AGGRESSIVE;
				CLANG_WARN_UNREACHABLE_CODE = YES;
				CLANG_WARN__DUPLICATE_METHOD_MATCH = YES;
				COPY_PHASE_STRIP = NO;
				DEBUG_INFORMATION_FORMAT = dwarf;
				ENABLE_STRICT_OBJC_MSGSEND = YES;
				ENABLE_TESTABILITY = YES;
				GCC_C_LANGUAGE_STANDARD = gnu11;
				GCC_DYNAMIC_NO_PIC = NO;
				GCC_ENABLE_CPP_EXCEPTIONS = NO;
				GCC_ENABLE_CPP_RTTI = NO;
				GCC_INCREASE_PRECOMPILED_HEADER_SHARING = YES;
				GCC_NO_COMMON_BLOCKS = YES;
				GCC_OPTIMIZATION_LEVEL = 0;
				GCC_PRECOMPILE_PREFIX_HEADER = YES;
				GCC_PREFIX_HEADER = src/pch.h;
				GCC_PREPROCESSOR_DEFINITIONS = (
					"DEBUG=1",
					"$(inherited)",
				);
				GCC_WARN_64_TO_32_BIT_CONVERSION = YES;
				GCC_WARN_ABOUT_RETURN_TYPE = YES_ERROR;
				GCC_WARN_UNDECLARED_SELECTOR = YES;
				GCC_WARN_UNINITIALIZED_AUTOS = YES_AGGRESSIVE;
				GCC_WARN_UNUSED_FUNCTION = YES;
				GCC_WARN_UNUSED_VARIABLE = YES;
				HEADER_SEARCH_PATHS = src;
				MACOSX_DEPLOYMENT_TARGET = 11.2;
				MTL_ENABLE_DEBUG_INFO = INCLUDE_SOURCE;
				MTL_FAST_MATH = YES;
				ONLY_ACTIVE_ARCH = YES;
				SDKROOT = macosx;
			};
			name = Debug;
		};
		50D7A251262E002B0047D48E /* Release */ = {
			isa = XCBuildConfiguration;
			buildSettings = {
				ALWAYS_SEARCH_USER_PATHS = NO;
				CLANG_ANALYZER_NONNULL = YES;
				CLANG_ANALYZER_NUMBER_OBJECT_CONVERSION = YES_AGGRESSIVE;
				CLANG_CXX_LANGUAGE_STANDARD = "gnu++17";
				CLANG_CXX_LIBRARY = "libc++";
				CLANG_ENABLE_MODULES = YES;
				CLANG_ENABLE_OBJC_ARC = YES;
				CLANG_ENABLE_OBJC_WEAK = YES;
				CLANG_WARN_BLOCK_CAPTURE_AUTORELEASING = YES;
				CLANG_WARN_BOOL_CONVERSION = YES;
				CLANG_WARN_COMMA = YES;
				CLANG_WARN_CONSTANT_CONVERSION = YES;
				CLANG_WARN_DEPRECATED_OBJC_IMPLEMENTATIONS = YES;
				CLANG_WARN_DIRECT_OBJC_ISA_USAGE = YES_ERROR;
				CLANG_WARN_DOCUMENTATION_COMMENTS = YES;
				CLANG_WARN_EMPTY_BODY = YES;
				CLANG_WARN_ENUM_CONVERSION = YES;
				CLANG_WARN_INFINITE_RECURSION = YES;
				CLANG_WARN_INT_CONVERSION = YES;
				CLANG_WARN_NON_LITERAL_NULL_CONVERSION = YES;
				CLANG_WARN_OBJC_IMPLICIT_RETAIN_SELF = YES;
				CLANG_WARN_OBJC_LITERAL_CONVERSION = YES;
				CLANG_WARN_OBJC_ROOT_CLASS = YES_ERROR;
				CLANG_WARN_QUOTED_INCLUDE_IN_FRAMEWORK_HEADER = YES;
				CLANG_WARN_RANGE_LOOP_ANALYSIS = YES;
				CLANG_WARN_STRICT_PROTOTYPES = YES;
				CLANG_WARN_SUSPICIOUS_MOVE = YES;
				CLANG_WARN_UNGUARDED_AVAILABILITY = YES_AGGRESSIVE;
				CLANG_WARN_UNREACHABLE_CODE = YES;
				CLANG_WARN__DUPLICATE_METHOD_MATCH = YES;
				COPY_PHASE_STRIP = NO;
				DEBUG_INFORMATION_FORMAT = "dwarf-with-dsym";
				ENABLE_NS_ASSERTIONS = NO;
				ENABLE_STRICT_OBJC_MSGSEND = YES;
				GCC_C_LANGUAGE_STANDARD = gnu11;
				GCC_ENABLE_CPP_EXCEPTIONS = NO;
				GCC_ENABLE_CPP_RTTI = NO;
				GCC_INCREASE_PRECOMPILED_HEADER_SHARING = YES;
				GCC_NO_COMMON_BLOCKS = YES;
				GCC_PRECOMPILE_PREFIX_HEADER = YES;
				GCC_PREFIX_HEADER = src/pch.h;
				GCC_WARN_64_TO_32_BIT_CONVERSION = YES;
				GCC_WARN_ABOUT_RETURN_TYPE = YES_ERROR;
				GCC_WARN_UNDECLARED_SELECTOR = YES;
				GCC_WARN_UNINITIALIZED_AUTOS = YES_AGGRESSIVE;
				GCC_WARN_UNUSED_FUNCTION = YES;
				GCC_WARN_UNUSED_VARIABLE = YES;
				HEADER_SEARCH_PATHS = src;
				MACOSX_DEPLOYMENT_TARGET = 11.2;
				MTL_ENABLE_DEBUG_INFO = NO;
				MTL_FAST_MATH = YES;
				SDKROOT = macosx;
			};
			name = Release;
		};
		50D7A253262E002B0047D48E /* Debug */ = {
			isa = XCBuildConfiguration;
			baseConfigurationReference = 506FBF512638E1E200063AC6 /* llvm.xcconfig */;
			buildSettings = {
				CODE_SIGN_IDENTITY = "-";
				CODE_SIGN_STYLE = Automatic;
				PRODUCT_NAME = "$(TARGET_NAME)";
			};
			name = Debug;
		};
		50D7A254262E002B0047D48E /* Release */ = {
			isa = XCBuildConfiguration;
			baseConfigurationReference = 506FBF512638E1E200063AC6 /* llvm.xcconfig */;
			buildSettings = {
				CODE_SIGN_IDENTITY = "-";
				CODE_SIGN_STYLE = Automatic;
				PRODUCT_NAME = "$(TARGET_NAME)";
			};
			name = Release;
		};
/* End XCBuildConfiguration section */

/* Begin XCConfigurationList section */
		50D7A246262E002B0047D48E /* Build configuration list for PBXProject "lbc" */ = {
			isa = XCConfigurationList;
			buildConfigurations = (
				50D7A250262E002B0047D48E /* Debug */,
				50D7A251262E002B0047D48E /* Release */,
			);
			defaultConfigurationIsVisible = 0;
			defaultConfigurationName = Release;
		};
		50D7A252262E002B0047D48E /* Build configuration list for PBXNativeTarget "lbc" */ = {
			isa = XCConfigurationList;
			buildConfigurations = (
				50D7A253262E002B0047D48E /* Debug */,
				50D7A254262E002B0047D48E /* Release */,
			);
			defaultConfigurationIsVisible = 0;
			defaultConfigurationName = Release;
		};
/* End XCConfigurationList section */
	};
	rootObject = 50D7A243262E002B0047D48E /* Project object */;
}
